// !$*UTF8*$!
{
	archiveVersion = 1;
	classes = {
	};
	objectVersion = 56;
	objects = {

/* Begin PBXBuildFile section */
		D960C19E2FF1167A00FFF4D9 /* NexCartApp.swift in Sources */ = {isa = PBXBuildFile; fileRef = D960C19D2FF1167A00FFF4D9 /* NexCartApp.swift */; };
		D960C1A02FF1167A00FFF4D9 /* ContentView.swift in Sources */ = {isa = PBXBuildFile; fileRef = D960C19F2FF1167A00FFF4D9 /* ContentView.swift */; };
		D960C1A22FF1167C00FFF4D9 /* Assets.xcassets in Resources */ = {isa = PBXBuildFile; fileRef = D960C1A12FF1167C00FFF4D9 /* Assets.xcassets */; };
		D960C1A52FF1167C00FFF4D9 /* Preview Assets.xcassets in Resources */ = {isa = PBXBuildFile; fileRef = D960C1A42FF1167C00FFF4D9 /* Preview Assets.xcassets */; };
		D960C1A72FF1167C00FFF4D9 /* Persistence.swift in Sources */ = {isa = PBXBuildFile; fileRef = D960C1A62FF1167C00FFF4D9 /* Persistence.swift */; };
		D960C1AA2FF1167C00FFF4D9 /* NexCart.xcdatamodeld in Sources */ = {isa = PBXBuildFile; fileRef = D960C1A82FF1167C00FFF4D9 /* NexCart.xcdatamodeld */; };
		D960C1B42FF1167C00FFF4D9 /* NexCartTests.swift in Sources */ = {isa = PBXBuildFile; fileRef = D960C1B32FF1167C00FFF4D9 /* NexCartTests.swift */; };
		D960C1BE2FF1167C00FFF4D9 /* NexCartUITests.swift in Sources */ = {isa = PBXBuildFile; fileRef = D960C1BD2FF1167C00FFF4D9 /* NexCartUITests.swift */; };
		D960C1C02FF1167C00FFF4D9 /* NexCartUITestsLaunchTests.swift in Sources */ = {isa = PBXBuildFile; fileRef = D960C1BF2FF1167C00FFF4D9 /* NexCartUITestsLaunchTests.swift */; };
		D960C1E52FF11ACE00FFF4D9 /* AppTheme.swift in Sources */ = {isa = PBXBuildFile; fileRef = D960C1E42FF11ACE00FFF4D9 /* AppTheme.swift */; };
		D960C1E92FF11D3800FFF4D9 /* EndPoint.swift in Sources */ = {isa = PBXBuildFile; fileRef = D960C1E82FF11D3800FFF4D9 /* EndPoint.swift */; };
		D960C1ED2FF120A500FFF4D9 /* ApiService.swift in Sources */ = {isa = PBXBuildFile; fileRef = D960C1EB2FF120A500FFF4D9 /* ApiService.swift */; };
		D960C1EE2FF120A500FFF4D9 /* ApiServiceProtocol.swift in Sources */ = {isa = PBXBuildFile; fileRef = D960C1EC2FF120A500FFF4D9 /* ApiServiceProtocol.swift */; };
		D960C1F42FF1243400FFF4D9 /* LaunchScreen.swift in Sources */ = {isa = PBXBuildFile; fileRef = D960C1F32FF1243400FFF4D9 /* LaunchScreen.swift */; };
		D960C1F62FF12A1500FFF4D9 /* SignInScreen.swift in Sources */ = {isa = PBXBuildFile; fileRef = D960C1F52FF12A1500FFF4D9 /* SignInScreen.swift */; };
		D960C1FF2FF12A8600FFF4D9 /* temp.swift in Sources */ = {isa = PBXBuildFile; fileRef = D960C1FE2FF12A8600FFF4D9 /* temp.swift */; };
		F50644BD2FF283810049FDA3 /* ProductDetails.swift in Sources */ = {isa = PBXBuildFile; fileRef = F571D5172FF16C3C005E0EBA /* ProductDetails.swift */; };
		F583E1952FF1A33D00793B1B /* Components.swift in Sources */ = {isa = PBXBuildFile; fileRef = F583E1942FF1A33D00793B1B /* Components.swift */; };
		F5A6EC9F2FF2E50C0010AB7B /* QuantitySelector.swift in Sources */ = {isa = PBXBuildFile; fileRef = F5A6EC9E2FF2E50C0010AB7B /* QuantitySelector.swift */; };
		F5A6ECA02FF2E6480010AB7B /* ProductViewModel.swift in Sources */ = {isa = PBXBuildFile; fileRef = F571D5182FF16C4B005E0EBA /* ProductViewModel.swift */; };
		F5A6ECA22FF2EDCD0010AB7B /* Toast.swift in Sources */ = {isa = PBXBuildFile; fileRef = F5A6ECA12FF2EDCD0010AB7B /* Toast.swift */; };
		F5A77A112FF2BC47001D1A71 /* ProductDetailsRepo.swift in Sources */ = {isa = PBXBuildFile; fileRef = F5A77A102FF2BC47001D1A71 /* ProductDetailsRepo.swift */; };
		F5A77A132FF2BC88001D1A71 /* ProductBody.swift in Sources */ = {isa = PBXBuildFile; fileRef = F5A77A122FF2BC88001D1A71 /* ProductBody.swift */; };
		F5A77A152FF2C060001D1A71 /* ProductBodyMapper.swift in Sources */ = {isa = PBXBuildFile; fileRef = F5A77A142FF2C060001D1A71 /* ProductBodyMapper.swift */; };
		F5A77A172FF2C1D0001D1A71 /* AddCartUseCase.swift in Sources */ = {isa = PBXBuildFile; fileRef = F5A77A162FF2C1D0001D1A71 /* AddCartUseCase.swift */; };
		F5A77A192FF2C213001D1A71 /* ProductService.swift in Sources */ = {isa = PBXBuildFile; fileRef = F5A77A182FF2C213001D1A71 /* ProductService.swift */; };
		F5A77A1D2FF2C6E2001D1A71 /* AddCartResponse.swift in Sources */ = {isa = PBXBuildFile; fileRef = F5A77A1C2FF2C6E2001D1A71 /* AddCartResponse.swift */; };
		F5A77A1F2FF2C716001D1A71 /* AddCartReponse.swift in Sources */ = {isa = PBXBuildFile; fileRef = F5A77A1E2FF2C716001D1A71 /* AddCartReponse.swift */; };
		F5A77A212FF2C783001D1A71 /* AddCartResponseMapper.swift in Sources */ = {isa = PBXBuildFile; fileRef = F5A77A202FF2C783001D1A71 /* AddCartResponseMapper.swift */; };
		F5A77A232FF2C929001D1A71 /* ProductRepoImpl.swift in Sources */ = {isa = PBXBuildFile; fileRef = F5A77A222FF2C929001D1A71 /* ProductRepoImpl.swift */; };
		F5A77A242FF2D11D001D1A71 /* ProductViewModelPorotocl.swift in Sources */ = {isa = PBXBuildFile; fileRef = F571D5192FF16C4B005E0EBA /* ProductViewModelPorotocl.swift */; };
		F5DC003C2FF1B86000F84E07 /* Product.swift in Sources */ = {isa = PBXBuildFile; fileRef = F5DC003B2FF1B86000F84E07 /* Product.swift */; };
/* End PBXBuildFile section */

/* Begin PBXContainerItemProxy section */
		D960C1B02FF1167C00FFF4D9 /* PBXContainerItemProxy */ = {
			isa = PBXContainerItemProxy;
			containerPortal = D960C1922FF1167A00FFF4D9 /* Project object */;
			proxyType = 1;
			remoteGlobalIDString = D960C1992FF1167A00FFF4D9;
			remoteInfo = NexCart;
		};
		D960C1BA2FF1167C00FFF4D9 /* PBXContainerItemProxy */ = {
			isa = PBXContainerItemProxy;
			containerPortal = D960C1922FF1167A00FFF4D9 /* Project object */;
			proxyType = 1;
			remoteGlobalIDString = D960C1992FF1167A00FFF4D9;
			remoteInfo = NexCart;
		};
/* End PBXContainerItemProxy section */

/* Begin PBXFileReference section */
		D960C19A2FF1167A00FFF4D9 /* NexCart.app */ = {isa = PBXFileReference; explicitFileType = wrapper.application; includeInIndex = 0; path = NexCart.app; sourceTree = BUILT_PRODUCTS_DIR; };
		D960C19D2FF1167A00FFF4D9 /* NexCartApp.swift */ = {isa = PBXFileReference; lastKnownFileType = sourcecode.swift; path = NexCartApp.swift; sourceTree = "<group>"; };
		D960C19F2FF1167A00FFF4D9 /* ContentView.swift */ = {isa = PBXFileReference; lastKnownFileType = sourcecode.swift; path = ContentView.swift; sourceTree = "<group>"; };
		D960C1A12FF1167C00FFF4D9 /* Assets.xcassets */ = {isa = PBXFileReference; lastKnownFileType = folder.assetcatalog; path = Assets.xcassets; sourceTree = "<group>"; };
		D960C1A42FF1167C00FFF4D9 /* Preview Assets.xcassets */ = {isa = PBXFileReference; lastKnownFileType = folder.assetcatalog; path = "Preview Assets.xcassets"; sourceTree = "<group>"; };
		D960C1A62FF1167C00FFF4D9 /* Persistence.swift */ = {isa = PBXFileReference; lastKnownFileType = sourcecode.swift; path = Persistence.swift; sourceTree = "<group>"; };
		D960C1A92FF1167C00FFF4D9 /* NexCart.xcdatamodel */ = {isa = PBXFileReference; lastKnownFileType = wrapper.xcdatamodel; path = NexCart.xcdatamodel; sourceTree = "<group>"; };
		D960C1AF2FF1167C00FFF4D9 /* NexCartTests.xctest */ = {isa = PBXFileReference; explicitFileType = wrapper.cfbundle; includeInIndex = 0; path = NexCartTests.xctest; sourceTree = BUILT_PRODUCTS_DIR; };
		D960C1B32FF1167C00FFF4D9 /* NexCartTests.swift */ = {isa = PBXFileReference; lastKnownFileType = sourcecode.swift; path = NexCartTests.swift; sourceTree = "<group>"; };
		D960C1B92FF1167C00FFF4D9 /* NexCartUITests.xctest */ = {isa = PBXFileReference; explicitFileType = wrapper.cfbundle; includeInIndex = 0; path = NexCartUITests.xctest; sourceTree = BUILT_PRODUCTS_DIR; };
		D960C1BD2FF1167C00FFF4D9 /* NexCartUITests.swift */ = {isa = PBXFileReference; lastKnownFileType = sourcecode.swift; path = NexCartUITests.swift; sourceTree = "<group>"; };
		D960C1BF2FF1167C00FFF4D9 /* NexCartUITestsLaunchTests.swift */ = {isa = PBXFileReference; lastKnownFileType = sourcecode.swift; path = NexCartUITestsLaunchTests.swift; sourceTree = "<group>"; };
		D960C1E42FF11ACE00FFF4D9 /* AppTheme.swift */ = {isa = PBXFileReference; lastKnownFileType = sourcecode.swift; path = AppTheme.swift; sourceTree = "<group>"; };
		D960C1E82FF11D3800FFF4D9 /* EndPoint.swift */ = {isa = PBXFileReference; lastKnownFileType = sourcecode.swift; path = EndPoint.swift; sourceTree = "<group>"; };
		D960C1EB2FF120A500FFF4D9 /* ApiService.swift */ = {isa = PBXFileReference; fileEncoding = 4; lastKnownFileType = sourcecode.swift; path = ApiService.swift; sourceTree = "<group>"; };
		D960C1EC2FF120A500FFF4D9 /* ApiServiceProtocol.swift */ = {isa = PBXFileReference; fileEncoding = 4; lastKnownFileType = sourcecode.swift; path = ApiServiceProtocol.swift; sourceTree = "<group>"; };
		D960C1F32FF1243400FFF4D9 /* LaunchScreen.swift */ = {isa = PBXFileReference; lastKnownFileType = sourcecode.swift; path = LaunchScreen.swift; sourceTree = "<group>"; };
		D960C1F52FF12A1500FFF4D9 /* SignInScreen.swift */ = {isa = PBXFileReference; lastKnownFileType = sourcecode.swift; path = SignInScreen.swift; sourceTree = "<group>"; };
		D960C1F82FF12A6200FFF4D9 /* temp.swift */ = {isa = PBXFileReference; lastKnownFileType = sourcecode.swift; path = temp.swift; sourceTree = "<group>"; };
		D960C1FA2FF12A7A00FFF4D9 /* temp.swift */ = {isa = PBXFileReference; lastKnownFileType = sourcecode.swift; path = temp.swift; sourceTree = "<group>"; };
		D960C1FC2FF12A8100FFF4D9 /* temp.swift */ = {isa = PBXFileReference; lastKnownFileType = sourcecode.swift; path = temp.swift; sourceTree = "<group>"; };
		D960C1FE2FF12A8600FFF4D9 /* temp.swift */ = {isa = PBXFileReference; lastKnownFileType = sourcecode.swift; path = temp.swift; sourceTree = "<group>"; };
		D960C2002FF12A8C00FFF4D9 /* temp.swift */ = {isa = PBXFileReference; lastKnownFileType = sourcecode.swift; path = temp.swift; sourceTree = "<group>"; };
		D960C2022FF12AAF00FFF4D9 /* temp.swift */ = {isa = PBXFileReference; lastKnownFileType = sourcecode.swift; path = temp.swift; sourceTree = "<group>"; };
		D960C2042FF12ABB00FFF4D9 /* temp.swift */ = {isa = PBXFileReference; lastKnownFileType = sourcecode.swift; path = temp.swift; sourceTree = "<group>"; };
		D960C2062FF12AC000FFF4D9 /* temp.swift */ = {isa = PBXFileReference; lastKnownFileType = sourcecode.swift; path = temp.swift; sourceTree = "<group>"; };
		F571D5172FF16C3C005E0EBA /* ProductDetails.swift */ = {isa = PBXFileReference; lastKnownFileType = sourcecode.swift; path = ProductDetails.swift; sourceTree = "<group>"; };
		F571D5182FF16C4B005E0EBA /* ProductViewModel.swift */ = {isa = PBXFileReference; lastKnownFileType = sourcecode.swift; path = ProductViewModel.swift; sourceTree = "<group>"; };
		F571D5192FF16C4B005E0EBA /* ProductViewModelPorotocl.swift */ = {isa = PBXFileReference; lastKnownFileType = sourcecode.swift; path = ProductViewModelPorotocl.swift; sourceTree = "<group>"; };
		F583E1942FF1A33D00793B1B /* Components.swift */ = {isa = PBXFileReference; lastKnownFileType = sourcecode.swift; path = Components.swift; sourceTree = "<group>"; };
		F5A6EC9E2FF2E50C0010AB7B /* QuantitySelector.swift */ = {isa = PBXFileReference; lastKnownFileType = sourcecode.swift; path = QuantitySelector.swift; sourceTree = "<group>"; };
		F5A6ECA12FF2EDCD0010AB7B /* Toast.swift */ = {isa = PBXFileReference; lastKnownFileType = sourcecode.swift; path = Toast.swift; sourceTree = "<group>"; };
		F5A77A102FF2BC47001D1A71 /* ProductDetailsRepo.swift */ = {isa = PBXFileReference; lastKnownFileType = sourcecode.swift; path = ProductDetailsRepo.swift; sourceTree = "<group>"; };
		F5A77A122FF2BC88001D1A71 /* ProductBody.swift */ = {isa = PBXFileReference; lastKnownFileType = sourcecode.swift; path = ProductBody.swift; sourceTree = "<group>"; };
		F5A77A142FF2C060001D1A71 /* ProductBodyMapper.swift */ = {isa = PBXFileReference; lastKnownFileType = sourcecode.swift; path = ProductBodyMapper.swift; sourceTree = "<group>"; };
		F5A77A162FF2C1D0001D1A71 /* AddCartUseCase.swift */ = {isa = PBXFileReference; lastKnownFileType = sourcecode.swift; path = AddCartUseCase.swift; sourceTree = "<group>"; };
		F5A77A182FF2C213001D1A71 /* ProductService.swift */ = {isa = PBXFileReference; lastKnownFileType = sourcecode.swift; path = ProductService.swift; sourceTree = "<group>"; };
		F5A77A1C2FF2C6E2001D1A71 /* AddCartResponse.swift */ = {isa = PBXFileReference; lastKnownFileType = sourcecode.swift; path = AddCartResponse.swift; sourceTree = "<group>"; };
		F5A77A1E2FF2C716001D1A71 /* AddCartReponse.swift */ = {isa = PBXFileReference; lastKnownFileType = sourcecode.swift; name = AddCartReponse.swift; path = "NexCart/Modules/Producr Details/Data/Remote/AddCartReponse.swift"; sourceTree = SOURCE_ROOT; };
		F5A77A202FF2C783001D1A71 /* AddCartResponseMapper.swift */ = {isa = PBXFileReference; lastKnownFileType = sourcecode.swift; path = AddCartResponseMapper.swift; sourceTree = "<group>"; };
		F5A77A222FF2C929001D1A71 /* ProductRepoImpl.swift */ = {isa = PBXFileReference; lastKnownFileType = sourcecode.swift; path = ProductRepoImpl.swift; sourceTree = "<group>"; };
		F5DC003B2FF1B86000F84E07 /* Product.swift */ = {isa = PBXFileReference; lastKnownFileType = sourcecode.swift; path = Product.swift; sourceTree = "<group>"; };
/* End PBXFileReference section */

/* Begin PBXFrameworksBuildPhase section */
		D960C1972FF1167A00FFF4D9 /* Frameworks */ = {
			isa = PBXFrameworksBuildPhase;
			buildActionMask = 2147483647;
			files = (
			);
			runOnlyForDeploymentPostprocessing = 0;
		};
		D960C1AC2FF1167C00FFF4D9 /* Frameworks */ = {
			isa = PBXFrameworksBuildPhase;
			buildActionMask = 2147483647;
			files = (
			);
			runOnlyForDeploymentPostprocessing = 0;
		};
		D960C1B62FF1167C00FFF4D9 /* Frameworks */ = {
			isa = PBXFrameworksBuildPhase;
			buildActionMask = 2147483647;
			files = (
			);
			runOnlyForDeploymentPostprocessing = 0;
		};
/* End PBXFrameworksBuildPhase section */

/* Begin PBXGroup section */
		D960C1912FF1167A00FFF4D9 = {
			isa = PBXGroup;
			children = (
				D960C19C2FF1167A00FFF4D9 /* NexCart */,
				D960C1B22FF1167C00FFF4D9 /* NexCartTests */,
				D960C1BC2FF1167C00FFF4D9 /* NexCartUITests */,
				D960C19B2FF1167A00FFF4D9 /* Products */,
			);
			sourceTree = "<group>";
		};
		D960C19B2FF1167A00FFF4D9 /* Products */ = {
			isa = PBXGroup;
			children = (
				D960C19A2FF1167A00FFF4D9 /* NexCart.app */,
				D960C1AF2FF1167C00FFF4D9 /* NexCartTests.xctest */,
				D960C1B92FF1167C00FFF4D9 /* NexCartUITests.xctest */,
			);
			name = Products;
			sourceTree = "<group>";
		};
		D960C19C2FF1167A00FFF4D9 /* NexCart */ = {
			isa = PBXGroup;
			children = (
				D960C1DE2FF1188900FFF4D9 /* App */,
				D960C1DB2FF1185A00FFF4D9 /* Presentation */,
				D960C1DC2FF1185F00FFF4D9 /* Domain */,
				D960C1DD2FF1186200FFF4D9 /* Data */,
				D960C1CC2FF1178000FFF4D9 /* Modules */,
				D960C1A32FF1167C00FFF4D9 /* Preview Content */,
			);
			path = NexCart;
			sourceTree = "<group>";
		};
		D960C1A32FF1167C00FFF4D9 /* Preview Content */ = {
			isa = PBXGroup;
			children = (
				D960C1A42FF1167C00FFF4D9 /* Preview Assets.xcassets */,
			);
			path = "Preview Content";
			sourceTree = "<group>";
		};
		D960C1B22FF1167C00FFF4D9 /* NexCartTests */ = {
			isa = PBXGroup;
			children = (
				D960C1B32FF1167C00FFF4D9 /* NexCartTests.swift */,
			);
			path = NexCartTests;
			sourceTree = "<group>";
		};
		D960C1BC2FF1167C00FFF4D9 /* NexCartUITests */ = {
			isa = PBXGroup;
			children = (
				D960C1BD2FF1167C00FFF4D9 /* NexCartUITests.swift */,
				D960C1BF2FF1167C00FFF4D9 /* NexCartUITestsLaunchTests.swift */,
			);
			path = NexCartUITests;
			sourceTree = "<group>";
		};
		D960C1CC2FF1178000FFF4D9 /* Modules */ = {
			isa = PBXGroup;
			children = (
				F571D5132FF16BF3005E0EBA /* Producr Details */,
				D960C1F22FF1241B00FFF4D9 /* Launch */,
				D960C1CD2FF1178800FFF4D9 /* Auth */,
			);
			path = Modules;
			sourceTree = "<group>";
		};
		D960C1CD2FF1178800FFF4D9 /* Auth */ = {
			isa = PBXGroup;
			children = (
				D960C1CE2FF1178E00FFF4D9 /* SignIn */,
				D960C1CF2FF117B800FFF4D9 /* SignUp */,
			);
			path = Auth;
			sourceTree = "<group>";
		};
		D960C1CE2FF1178E00FFF4D9 /* SignIn */ = {
			isa = PBXGroup;
			children = (
				D960C1D02FF117C000FFF4D9 /* Presentation */,
				D960C1D62FF1182300FFF4D9 /* Domain */,
				D960C1D72FF1182700FFF4D9 /* Data */,
			);
			path = SignIn;
			sourceTree = "<group>";
		};
		D960C1CF2FF117B800FFF4D9 /* SignUp */ = {
			isa = PBXGroup;
			children = (
				D960C1D32FF1180000FFF4D9 /* Presentation */,
				D960C1D92FF1183C00FFF4D9 /* Domain */,
				D960C1D82FF1183800FFF4D9 /* Data */,
			);
			path = SignUp;
			sourceTree = "<group>";
		};
		D960C1D02FF117C000FFF4D9 /* Presentation */ = {
			isa = PBXGroup;
			children = (
				D960C1D12FF117C900FFF4D9 /* View */,
				D960C1D22FF117CF00FFF4D9 /* VM */,
			);
			path = Presentation;
			sourceTree = "<group>";
		};
		D960C1D12FF117C900FFF4D9 /* View */ = {
			isa = PBXGroup;
			children = (
				D960C1F52FF12A1500FFF4D9 /* SignInScreen.swift */,
			);
			path = View;
			sourceTree = "<group>";
		};
		D960C1D22FF117CF00FFF4D9 /* VM */ = {
			isa = PBXGroup;
			children = (
				D960C2022FF12AAF00FFF4D9 /* temp.swift */,
			);
			path = VM;
			sourceTree = "<group>";
		};
		D960C1D32FF1180000FFF4D9 /* Presentation */ = {
			isa = PBXGroup;
			children = (
				D960C1D52FF1181100FFF4D9 /* View */,
				D960C1D42FF1180B00FFF4D9 /* VM */,
			);
			path = Presentation;
			sourceTree = "<group>";
		};
		D960C1D42FF1180B00FFF4D9 /* VM */ = {
			isa = PBXGroup;
			children = (
			);
			path = VM;
			sourceTree = "<group>";
		};
		D960C1D52FF1181100FFF4D9 /* View */ = {
			isa = PBXGroup;
			children = (
			);
			path = View;
			sourceTree = "<group>";
		};
		D960C1D62FF1182300FFF4D9 /* Domain */ = {
			isa = PBXGroup;
			children = (
				D960C2042FF12ABB00FFF4D9 /* temp.swift */,
			);
			path = Domain;
			sourceTree = "<group>";
		};
		D960C1D72FF1182700FFF4D9 /* Data */ = {
			isa = PBXGroup;
			children = (
				D960C2062FF12AC000FFF4D9 /* temp.swift */,
			);
			path = Data;
			sourceTree = "<group>";
		};
		D960C1D82FF1183800FFF4D9 /* Data */ = {
			isa = PBXGroup;
			children = (
			);
			path = Data;
			sourceTree = "<group>";
		};
		D960C1D92FF1183C00FFF4D9 /* Domain */ = {
			isa = PBXGroup;
			children = (
			);
			path = Domain;
			sourceTree = "<group>";
		};
		D960C1DB2FF1185A00FFF4D9 /* Presentation */ = {
			isa = PBXGroup;
			children = (
				D960C1E62FF11B0100FFF4D9 /* App */,
				D960C1E32FF11AC400FFF4D9 /* AppTheme */,
				D960C1E72FF11B0B00FFF4D9 /* ShardViews */,
			);
			path = Presentation;
			sourceTree = "<group>";
		};
		D960C1DC2FF1185F00FFF4D9 /* Domain */ = {
			isa = PBXGroup;
			children = (
				D960C1EF2FF1213900FFF4D9 /* Entites */,
				D960C1F02FF1214100FFF4D9 /* UseCases */,
				D960C1F12FF1214C00FFF4D9 /* RepoInterfaces */,
			);
			path = Domain;
			sourceTree = "<group>";
		};
		D960C1DD2FF1186200FFF4D9 /* Data */ = {
			isa = PBXGroup;
			children = (
				D960C1E02FF1196900FFF4D9 /* Remote */,
				D960C1DF2FF118CB00FFF4D9 /* Local */,
			);
			path = Data;
			sourceTree = "<group>";
		};
		D960C1DE2FF1188900FFF4D9 /* App */ = {
			isa = PBXGroup;
			children = (
				D960C1A12FF1167C00FFF4D9 /* Assets.xcassets */,
			);
			path = App;
			sourceTree = "<group>";
		};
		D960C1DF2FF118CB00FFF4D9 /* Local */ = {
			isa = PBXGroup;
			children = (
				D960C1A62FF1167C00FFF4D9 /* Persistence.swift */,
				D960C1A82FF1167C00FFF4D9 /* NexCart.xcdatamodeld */,
			);
			path = Local;
			sourceTree = "<group>";
		};
		D960C1E02FF1196900FFF4D9 /* Remote */ = {
			isa = PBXGroup;
			children = (
				D960C1E82FF11D3800FFF4D9 /* EndPoint.swift */,
				D960C1E12FF1198100FFF4D9 /* DTOs */,
				D960C1E22FF1199A00FFF4D9 /* Services */,
			);
			path = Remote;
			sourceTree = "<group>";
		};
		D960C1E12FF1198100FFF4D9 /* DTOs */ = {
			isa = PBXGroup;
			children = (
				D960C2002FF12A8C00FFF4D9 /* temp.swift */,
			);
			path = DTOs;
			sourceTree = "<group>";
		};
		D960C1E22FF1199A00FFF4D9 /* Services */ = {
			isa = PBXGroup;
			children = (
				D960C1EA2FF120A500FFF4D9 /* ApiService */,
			);
			path = Services;
			sourceTree = "<group>";
		};
		D960C1E32FF11AC400FFF4D9 /* AppTheme */ = {
			isa = PBXGroup;
			children = (
				D960C1E42FF11ACE00FFF4D9 /* AppTheme.swift */,
			);
			path = AppTheme;
			sourceTree = "<group>";
		};
		D960C1E62FF11B0100FFF4D9 /* App */ = {
			isa = PBXGroup;
			children = (
				D960C19D2FF1167A00FFF4D9 /* NexCartApp.swift */,
				D960C19F2FF1167A00FFF4D9 /* ContentView.swift */,
			);
			path = App;
			sourceTree = "<group>";
		};
		D960C1E72FF11B0B00FFF4D9 /* ShardViews */ = {
			isa = PBXGroup;
			children = (
				D960C1F82FF12A6200FFF4D9 /* temp.swift */,
			);
			path = ShardViews;
			sourceTree = "<group>";
		};
		D960C1EA2FF120A500FFF4D9 /* ApiService */ = {
			isa = PBXGroup;
			children = (
				D960C1EC2FF120A500FFF4D9 /* ApiServiceProtocol.swift */,
				D960C1EB2FF120A500FFF4D9 /* ApiService.swift */,
			);
			path = ApiService;
			sourceTree = "<group>";
		};
		D960C1EF2FF1213900FFF4D9 /* Entites */ = {
			isa = PBXGroup;
			children = (
				D960C1FA2FF12A7A00FFF4D9 /* temp.swift */,
			);
			path = Entites;
			sourceTree = "<group>";
		};
		D960C1F02FF1214100FFF4D9 /* UseCases */ = {
			isa = PBXGroup;
			children = (
				D960C1FC2FF12A8100FFF4D9 /* temp.swift */,
				F5DC003B2FF1B86000F84E07 /* Product.swift */,
			);
			path = UseCases;
			sourceTree = "<group>";
		};
		D960C1F12FF1214C00FFF4D9 /* RepoInterfaces */ = {
			isa = PBXGroup;
			children = (
				D960C1FE2FF12A8600FFF4D9 /* temp.swift */,
			);
			path = RepoInterfaces;
			sourceTree = "<group>";
		};
		D960C1F22FF1241B00FFF4D9 /* Launch */ = {
			isa = PBXGroup;
			children = (
				D960C1F32FF1243400FFF4D9 /* LaunchScreen.swift */,
			);
			path = Launch;
			sourceTree = "<group>";
		};
		F571D5132FF16BF3005E0EBA /* Producr Details */ = {
			isa = PBXGroup;
			children = (
				F5C7E3182FF2B95500D0C274 /* Data */,
				F5C7E3172FF2B91600D0C274 /* Domainn */,
				F571D5142FF16C12005E0EBA /* Presentation */,
			);
			path = "Producr Details";
			sourceTree = "<group>";
		};
		F571D5142FF16C12005E0EBA /* Presentation */ = {
			isa = PBXGroup;
			children = (
				F571D5162FF16C2B005E0EBA /* View Mdoel */,
				F571D5152FF16C20005E0EBA /* View */,
			);
			path = Presentation;
			sourceTree = "<group>";
		};
		F571D5152FF16C20005E0EBA /* View */ = {
			isa = PBXGroup;
			children = (
				F571D5172FF16C3C005E0EBA /* ProductDetails.swift */,
				F583E1942FF1A33D00793B1B /* Components.swift */,
				F5A6EC9E2FF2E50C0010AB7B /* QuantitySelector.swift */,
				F5A6ECA12FF2EDCD0010AB7B /* Toast.swift */,
			);
			path = View;
			sourceTree = "<group>";
		};
		F571D5162FF16C2B005E0EBA /* View Mdoel */ = {
			isa = PBXGroup;
			children = (
				F571D5182FF16C4B005E0EBA /* ProductViewModel.swift */,
				F571D5192FF16C4B005E0EBA /* ProductViewModelPorotocl.swift */,
			);
			path = "View Mdoel";
			sourceTree = "<group>";
		};
		F5A77A0E2FF2BAC8001D1A71 /* UseCases */ = {
			isa = PBXGroup;
			children = (
				F5A77A162FF2C1D0001D1A71 /* AddCartUseCase.swift */,
			);
			path = UseCases;
			sourceTree = "<group>";
		};
		F5A77A0F2FF2BBD6001D1A71 /* Remote */ = {
			isa = PBXGroup;
			children = (
				F5A77A142FF2C060001D1A71 /* ProductBodyMapper.swift */,
				F5A77A182FF2C213001D1A71 /* ProductService.swift */,
				F5A77A1C2FF2C6E2001D1A71 /* AddCartResponse.swift */,
				F5A77A202FF2C783001D1A71 /* AddCartResponseMapper.swift */,
				F5A77A222FF2C929001D1A71 /* ProductRepoImpl.swift */,
			);
			path = Remote;
			sourceTree = "<group>";
		};
		F5C7E3172FF2B91600D0C274 /* Domainn */ = {
			isa = PBXGroup;
			children = (
				F5A77A0E2FF2BAC8001D1A71 /* UseCases */,
				F5C7E31A2FF2B9EA00D0C274 /* Repo */,
				F5C7E3192FF2B9E300D0C274 /* Entities */,
			);
			path = Domainn;
			sourceTree = "<group>";
		};
		F5C7E3182FF2B95500D0C274 /* Data */ = {
			isa = PBXGroup;
			children = (
				F5A77A0F2FF2BBD6001D1A71 /* Remote */,
			);
			path = Data;
			sourceTree = "<group>";
		};
		F5C7E3192FF2B9E300D0C274 /* Entities */ = {
			isa = PBXGroup;
			children = (
				F5A77A122FF2BC88001D1A71 /* ProductBody.swift */,
				F5A77A1E2FF2C716001D1A71 /* AddCartReponse.swift */,
			);
			path = Entities;
			sourceTree = "<group>";
		};
		F5C7E31A2FF2B9EA00D0C274 /* Repo */ = {
			isa = PBXGroup;
			children = (
				F5A77A102FF2BC47001D1A71 /* ProductDetailsRepo.swift */,
			);
			path = Repo;
			sourceTree = "<group>";
		};
/* End PBXGroup section */

/* Begin PBXNativeTarget section */
		D960C1992FF1167A00FFF4D9 /* NexCart */ = {
			isa = PBXNativeTarget;
			buildConfigurationList = D960C1C32FF1167C00FFF4D9 /* Build configuration list for PBXNativeTarget "NexCart" */;
			buildPhases = (
				D960C1962FF1167A00FFF4D9 /* Sources */,
				D960C1972FF1167A00FFF4D9 /* Frameworks */,
				D960C1982FF1167A00FFF4D9 /* Resources */,
			);
			buildRules = (
			);
			dependencies = (
			);
			name = NexCart;
			productName = NexCart;
			productReference = D960C19A2FF1167A00FFF4D9 /* NexCart.app */;
			productType = "com.apple.product-type.application";
		};
		D960C1AE2FF1167C00FFF4D9 /* NexCartTests */ = {
			isa = PBXNativeTarget;
			buildConfigurationList = D960C1C62FF1167C00FFF4D9 /* Build configuration list for PBXNativeTarget "NexCartTests" */;
			buildPhases = (
				D960C1AB2FF1167C00FFF4D9 /* Sources */,
				D960C1AC2FF1167C00FFF4D9 /* Frameworks */,
				D960C1AD2FF1167C00FFF4D9 /* Resources */,
			);
			buildRules = (
			);
			dependencies = (
				D960C1B12FF1167C00FFF4D9 /* PBXTargetDependency */,
			);
			name = NexCartTests;
			productName = NexCartTests;
			productReference = D960C1AF2FF1167C00FFF4D9 /* NexCartTests.xctest */;
			productType = "com.apple.product-type.bundle.unit-test";
		};
		D960C1B82FF1167C00FFF4D9 /* NexCartUITests */ = {
			isa = PBXNativeTarget;
			buildConfigurationList = D960C1C92FF1167C00FFF4D9 /* Build configuration list for PBXNativeTarget "NexCartUITests" */;
			buildPhases = (
				D960C1B52FF1167C00FFF4D9 /* Sources */,
				D960C1B62FF1167C00FFF4D9 /* Frameworks */,
				D960C1B72FF1167C00FFF4D9 /* Resources */,
			);
			buildRules = (
			);
			dependencies = (
				D960C1BB2FF1167C00FFF4D9 /* PBXTargetDependency */,
			);
			name = NexCartUITests;
			productName = NexCartUITests;
			productReference = D960C1B92FF1167C00FFF4D9 /* NexCartUITests.xctest */;
			productType = "com.apple.product-type.bundle.ui-testing";
		};
/* End PBXNativeTarget section */

/* Begin PBXProject section */
		D960C1922FF1167A00FFF4D9 /* Project object */ = {
			isa = PBXProject;
			attributes = {
				BuildIndependentTargetsInParallel = 1;
				LastSwiftUpdateCheck = 1420;
				LastUpgradeCheck = 1420;
				TargetAttributes = {
					D960C1992FF1167A00FFF4D9 = {
						CreatedOnToolsVersion = 14.2;
					};
					D960C1AE2FF1167C00FFF4D9 = {
						CreatedOnToolsVersion = 14.2;
						TestTargetID = D960C1992FF1167A00FFF4D9;
					};
					D960C1B82FF1167C00FFF4D9 = {
						CreatedOnToolsVersion = 14.2;
						TestTargetID = D960C1992FF1167A00FFF4D9;
					};
				};
			};
			buildConfigurationList = D960C1952FF1167A00FFF4D9 /* Build configuration list for PBXProject "NexCart" */;
			compatibilityVersion = "Xcode 14.0";
			developmentRegion = en;
			hasScannedForEncodings = 0;
			knownRegions = (
				en,
				Base,
			);
			mainGroup = D960C1912FF1167A00FFF4D9;
			productRefGroup = D960C19B2FF1167A00FFF4D9 /* Products */;
			projectDirPath = "";
			projectRoot = "";
			targets = (
				D960C1992FF1167A00FFF4D9 /* NexCart */,
				D960C1AE2FF1167C00FFF4D9 /* NexCartTests */,
				D960C1B82FF1167C00FFF4D9 /* NexCartUITests */,
			);
		};
/* End PBXProject section */

/* Begin PBXResourcesBuildPhase section */
		D960C1982FF1167A00FFF4D9 /* Resources */ = {
			isa = PBXResourcesBuildPhase;
			buildActionMask = 2147483647;
			files = (
				D960C1A52FF1167C00FFF4D9 /* Preview Assets.xcassets in Resources */,
				D960C1A22FF1167C00FFF4D9 /* Assets.xcassets in Resources */,
			);
			runOnlyForDeploymentPostprocessing = 0;
		};
		D960C1AD2FF1167C00FFF4D9 /* Resources */ = {
			isa = PBXResourcesBuildPhase;
			buildActionMask = 2147483647;
			files = (
			);
			runOnlyForDeploymentPostprocessing = 0;
		};
		D960C1B72FF1167C00FFF4D9 /* Resources */ = {
			isa = PBXResourcesBuildPhase;
			buildActionMask = 2147483647;
			files = (
			);
			runOnlyForDeploymentPostprocessing = 0;
		};
/* End PBXResourcesBuildPhase section */

/* Begin PBXSourcesBuildPhase section */
		D960C1962FF1167A00FFF4D9 /* Sources */ = {
			isa = PBXSourcesBuildPhase;
			buildActionMask = 2147483647;
			files = (
				F5A6ECA02FF2E6480010AB7B /* ProductViewModel.swift in Sources */,
				F5A77A242FF2D11D001D1A71 /* ProductViewModelPorotocl.swift in Sources */,
				F5A77A152FF2C060001D1A71 /* ProductBodyMapper.swift in Sources */,
				F50644BD2FF283810049FDA3 /* ProductDetails.swift in Sources */,
				D960C1EE2FF120A500FFF4D9 /* ApiServiceProtocol.swift in Sources */,
				F5A77A1F2FF2C716001D1A71 /* AddCartReponse.swift in Sources */,
				F583E1952FF1A33D00793B1B /* Components.swift in Sources */,
				F5A77A192FF2C213001D1A71 /* ProductService.swift in Sources */,
				D960C1F62FF12A1500FFF4D9 /* SignInScreen.swift in Sources */,
				F5A77A172FF2C1D0001D1A71 /* AddCartUseCase.swift in Sources */,
				D960C1E92FF11D3800FFF4D9 /* EndPoint.swift in Sources */,
				D960C1F42FF1243400FFF4D9 /* LaunchScreen.swift in Sources */,
				F5A77A112FF2BC47001D1A71 /* ProductDetailsRepo.swift in Sources */,
				F5A6EC9F2FF2E50C0010AB7B /* QuantitySelector.swift in Sources */,
				D960C1A72FF1167C00FFF4D9 /* Persistence.swift in Sources */,
				D960C1FF2FF12A8600FFF4D9 /* temp.swift in Sources */,
				F5A6ECA22FF2EDCD0010AB7B /* Toast.swift in Sources */,
				D960C1AA2FF1167C00FFF4D9 /* NexCart.xcdatamodeld in Sources */,
				F5A77A232FF2C929001D1A71 /* ProductRepoImpl.swift in Sources */,
				D960C1A02FF1167A00FFF4D9 /* ContentView.swift in Sources */,
				F5A77A132FF2BC88001D1A71 /* ProductBody.swift in Sources */,
				D960C19E2FF1167A00FFF4D9 /* NexCartApp.swift in Sources */,
				F5A77A212FF2C783001D1A71 /* AddCartResponseMapper.swift in Sources */,
				D960C1ED2FF120A500FFF4D9 /* ApiService.swift in Sources */,
				D960C1E52FF11ACE00FFF4D9 /* AppTheme.swift in Sources */,
				F5A77A1D2FF2C6E2001D1A71 /* AddCartResponse.swift in Sources */,
				F5DC003C2FF1B86000F84E07 /* Product.swift in Sources */,
			);
			runOnlyForDeploymentPostprocessing = 0;
		};
		D960C1AB2FF1167C00FFF4D9 /* Sources */ = {
			isa = PBXSourcesBuildPhase;
			buildActionMask = 2147483647;
			files = (
				D960C1B42FF1167C00FFF4D9 /* NexCartTests.swift in Sources */,
			);
			runOnlyForDeploymentPostprocessing = 0;
		};
		D960C1B52FF1167C00FFF4D9 /* Sources */ = {
			isa = PBXSourcesBuildPhase;
			buildActionMask = 2147483647;
			files = (
				D960C1C02FF1167C00FFF4D9 /* NexCartUITestsLaunchTests.swift in Sources */,
				D960C1BE2FF1167C00FFF4D9 /* NexCartUITests.swift in Sources */,
			);
			runOnlyForDeploymentPostprocessing = 0;
		};
/* End PBXSourcesBuildPhase section */

/* Begin PBXTargetDependency section */
		D960C1B12FF1167C00FFF4D9 /* PBXTargetDependency */ = {
			isa = PBXTargetDependency;
			target = D960C1992FF1167A00FFF4D9 /* NexCart */;
			targetProxy = D960C1B02FF1167C00FFF4D9 /* PBXContainerItemProxy */;
		};
		D960C1BB2FF1167C00FFF4D9 /* PBXTargetDependency */ = {
			isa = PBXTargetDependency;
			target = D960C1992FF1167A00FFF4D9 /* NexCart */;
			targetProxy = D960C1BA2FF1167C00FFF4D9 /* PBXContainerItemProxy */;
		};
/* End PBXTargetDependency section */

/* Begin XCBuildConfiguration section */
		D960C1C12FF1167C00FFF4D9 /* Debug */ = {
			isa = XCBuildConfiguration;
			buildSettings = {
				ALWAYS_SEARCH_USER_PATHS = NO;
				CLANG_ANALYZER_NONNULL = YES;
				CLANG_ANALYZER_NUMBER_OBJECT_CONVERSION = YES_AGGRESSIVE;
				CLANG_CXX_LANGUAGE_STANDARD = "gnu++20";
				CLANG_ENABLE_MODULES = YES;
				CLANG_ENABLE_OBJC_ARC = YES;
				CLANG_ENABLE_OBJC_WEAK = YES;
				CLANG_WARN_BLOCK_CAPTURE_AUTORELEASING = YES;
				CLANG_WARN_BOOL_CONVERSION = YES;
				CLANG_WARN_COMMA = YES;
				CLANG_WARN_CONSTANT_CONVERSION = YES;
				CLANG_WARN_DEPRECATED_OBJC_IMPLEMENTATIONS = YES;
				CLANG_WARN_DIRECT_OBJC_ISA_USAGE = YES_ERROR;
				CLANG_WARN_DOCUMENTATION_COMMENTS = YES;
				CLANG_WARN_EMPTY_BODY = YES;
				CLANG_WARN_ENUM_CONVERSION = YES;
				CLANG_WARN_INFINITE_RECURSION = YES;
				CLANG_WARN_INT_CONVERSION = YES;
				CLANG_WARN_NON_LITERAL_NULL_CONVERSION = YES;
				CLANG_WARN_OBJC_IMPLICIT_RETAIN_SELF = YES;
				CLANG_WARN_OBJC_LITERAL_CONVERSION = YES;
				CLANG_WARN_OBJC_ROOT_CLASS = YES_ERROR;
				CLANG_WARN_QUOTED_INCLUDE_IN_FRAMEWORK_HEADER = YES;
				CLANG_WARN_RANGE_LOOP_ANALYSIS = YES;
				CLANG_WARN_STRICT_PROTOTYPES = YES;
				CLANG_WARN_SUSPICIOUS_MOVE = YES;
				CLANG_WARN_UNGUARDED_AVAILABILITY = YES_AGGRESSIVE;
				CLANG_WARN_UNREACHABLE_CODE = YES;
				CLANG_WARN__DUPLICATE_METHOD_MATCH = YES;
				COPY_PHASE_STRIP = NO;
				DEBUG_INFORMATION_FORMAT = dwarf;
				ENABLE_STRICT_OBJC_MSGSEND = YES;
				ENABLE_TESTABILITY = YES;
				GCC_C_LANGUAGE_STANDARD = gnu11;
				GCC_DYNAMIC_NO_PIC = NO;
				GCC_NO_COMMON_BLOCKS = YES;
				GCC_OPTIMIZATION_LEVEL = 0;
				GCC_PREPROCESSOR_DEFINITIONS = (
					"DEBUG=1",
					"$(inherited)",
				);
				GCC_WARN_64_TO_32_BIT_CONVERSION = YES;
				GCC_WARN_ABOUT_RETURN_TYPE = YES_ERROR;
				GCC_WARN_UNDECLARED_SELECTOR = YES;
				GCC_WARN_UNINITIALIZED_AUTOS = YES_AGGRESSIVE;
				GCC_WARN_UNUSED_FUNCTION = YES;
				GCC_WARN_UNUSED_VARIABLE = YES;
				IPHONEOS_DEPLOYMENT_TARGET = 16.2;
				MTL_ENABLE_DEBUG_INFO = INCLUDE_SOURCE;
				MTL_FAST_MATH = YES;
				ONLY_ACTIVE_ARCH = YES;
				SDKROOT = iphoneos;
				SWIFT_ACTIVE_COMPILATION_CONDITIONS = DEBUG;
				SWIFT_OPTIMIZATION_LEVEL = "-Onone";
			};
			name = Debug;
		};
		D960C1C22FF1167C00FFF4D9 /* Release */ = {
			isa = XCBuildConfiguration;
			buildSettings = {
				ALWAYS_SEARCH_USER_PATHS = NO;
				CLANG_ANALYZER_NONNULL = YES;
				CLANG_ANALYZER_NUMBER_OBJECT_CONVERSION = YES_AGGRESSIVE;
				CLANG_CXX_LANGUAGE_STANDARD = "gnu++20";
				CLANG_ENABLE_MODULES = YES;
				CLANG_ENABLE_OBJC_ARC = YES;
				CLANG_ENABLE_OBJC_WEAK = YES;
				CLANG_WARN_BLOCK_CAPTURE_AUTORELEASING = YES;
				CLANG_WARN_BOOL_CONVERSION = YES;
				CLANG_WARN_COMMA = YES;
				CLANG_WARN_CONSTANT_CONVERSION = YES;
				CLANG_WARN_DEPRECATED_OBJC_IMPLEMENTATIONS = YES;
				CLANG_WARN_DIRECT_OBJC_ISA_USAGE = YES_ERROR;
				CLANG_WARN_DOCUMENTATION_COMMENTS = YES;
				CLANG_WARN_EMPTY_BODY = YES;
				CLANG_WARN_ENUM_CONVERSION = YES;
				CLANG_WARN_INFINITE_RECURSION = YES;
				CLANG_WARN_INT_CONVERSION = YES;
				CLANG_WARN_NON_LITERAL_NULL_CONVERSION = YES;
				CLANG_WARN_OBJC_IMPLICIT_RETAIN_SELF = YES;
				CLANG_WARN_OBJC_LITERAL_CONVERSION = YES;
				CLANG_WARN_OBJC_ROOT_CLASS = YES_ERROR;
				CLANG_WARN_QUOTED_INCLUDE_IN_FRAMEWORK_HEADER = YES;
				CLANG_WARN_RANGE_LOOP_ANALYSIS = YES;
				CLANG_WARN_STRICT_PROTOTYPES = YES;
				CLANG_WARN_SUSPICIOUS_MOVE = YES;
				CLANG_WARN_UNGUARDED_AVAILABILITY = YES_AGGRESSIVE;
				CLANG_WARN_UNREACHABLE_CODE = YES;
				CLANG_WARN__DUPLICATE_METHOD_MATCH = YES;
				COPY_PHASE_STRIP = NO;
				DEBUG_INFORMATION_FORMAT = "dwarf-with-dsym";
				ENABLE_NS_ASSERTIONS = NO;
				ENABLE_STRICT_OBJC_MSGSEND = YES;
				GCC_C_LANGUAGE_STANDARD = gnu11;
				GCC_NO_COMMON_BLOCKS = YES;
				GCC_WARN_64_TO_32_BIT_CONVERSION = YES;
				GCC_WARN_ABOUT_RETURN_TYPE = YES_ERROR;
				GCC_WARN_UNDECLARED_SELECTOR = YES;
				GCC_WARN_UNINITIALIZED_AUTOS = YES_AGGRESSIVE;
				GCC_WARN_UNUSED_FUNCTION = YES;
				GCC_WARN_UNUSED_VARIABLE = YES;
				IPHONEOS_DEPLOYMENT_TARGET = 16.2;
				MTL_ENABLE_DEBUG_INFO = NO;
				MTL_FAST_MATH = YES;
				SDKROOT = iphoneos;
				SWIFT_COMPILATION_MODE = wholemodule;
				SWIFT_OPTIMIZATION_LEVEL = "-O";
				VALIDATE_PRODUCT = YES;
			};
			name = Release;
		};
		D960C1C42FF1167C00FFF4D9 /* Debug */ = {
			isa = XCBuildConfiguration;
			buildSettings = {
				ASSETCATALOG_COMPILER_APPICON_NAME = AppIcon;
				ASSETCATALOG_COMPILER_GLOBAL_ACCENT_COLOR_NAME = AccentColor;
				CODE_SIGN_STYLE = Automatic;
				CURRENT_PROJECT_VERSION = 1;
				DEVELOPMENT_ASSET_PATHS = "\"NexCart/Preview Content\"";
				ENABLE_PREVIEWS = YES;
				GENERATE_INFOPLIST_FILE = YES;
				INFOPLIST_KEY_UIApplicationSceneManifest_Generation = YES;
				INFOPLIST_KEY_UIApplicationSupportsIndirectInputEvents = YES;
				INFOPLIST_KEY_UILaunchScreen_Generation = YES;
				INFOPLIST_KEY_UISupportedInterfaceOrientations_iPad = "UIInterfaceOrientationPortrait UIInterfaceOrientationPortraitUpsideDown UIInterfaceOrientationLandscapeLeft UIInterfaceOrientationLandscapeRight";
				INFOPLIST_KEY_UISupportedInterfaceOrientations_iPhone = "UIInterfaceOrientationPortrait UIInterfaceOrientationLandscapeLeft UIInterfaceOrientationLandscapeRight";
				LD_RUNPATH_SEARCH_PATHS = (
					"$(inherited)",
					"@executable_path/Frameworks",
				);
				MARKETING_VERSION = 1.0;
				PRODUCT_BUNDLE_IDENTIFIER = com.iti.NexCart;
				PRODUCT_NAME = "$(TARGET_NAME)";
				SWIFT_EMIT_LOC_STRINGS = YES;
				SWIFT_VERSION = 5.0;
				TARGETED_DEVICE_FAMILY = "1,2";
			};
			name = Debug;
		};
		D960C1C52FF1167C00FFF4D9 /* Release */ = {
			isa = XCBuildConfiguration;
			buildSettings = {
				ASSETCATALOG_COMPILER_APPICON_NAME = AppIcon;
				ASSETCATALOG_COMPILER_GLOBAL_ACCENT_COLOR_NAME = AccentColor;
				CODE_SIGN_STYLE = Automatic;
				CURRENT_PROJECT_VERSION = 1;
				DEVELOPMENT_ASSET_PATHS = "\"NexCart/Preview Content\"";
				ENABLE_PREVIEWS = YES;
				GENERATE_INFOPLIST_FILE = YES;
				INFOPLIST_KEY_UIApplicationSceneManifest_Generation = YES;
				INFOPLIST_KEY_UIApplicationSupportsIndirectInputEvents = YES;
				INFOPLIST_KEY_UILaunchScreen_Generation = YES;
				INFOPLIST_KEY_UISupportedInterfaceOrientations_iPad = "UIInterfaceOrientationPortrait UIInterfaceOrientationPortraitUpsideDown UIInterfaceOrientationLandscapeLeft UIInterfaceOrientationLandscapeRight";
				INFOPLIST_KEY_UISupportedInterfaceOrientations_iPhone = "UIInterfaceOrientationPortrait UIInterfaceOrientationLandscapeLeft UIInterfaceOrientationLandscapeRight";
				LD_RUNPATH_SEARCH_PATHS = (
					"$(inherited)",
					"@executable_path/Frameworks",
				);
				MARKETING_VERSION = 1.0;
				PRODUCT_BUNDLE_IDENTIFIER = com.iti.NexCart;
				PRODUCT_NAME = "$(TARGET_NAME)";
				SWIFT_EMIT_LOC_STRINGS = YES;
				SWIFT_VERSION = 5.0;
				TARGETED_DEVICE_FAMILY = "1,2";
			};
			name = Release;
		};
		D960C1C72FF1167C00FFF4D9 /* Debug */ = {
			isa = XCBuildConfiguration;
			buildSettings = {
				ALWAYS_EMBED_SWIFT_STANDARD_LIBRARIES = YES;
				BUNDLE_LOADER = "$(TEST_HOST)";
				CODE_SIGN_STYLE = Automatic;
				CURRENT_PROJECT_VERSION = 1;
				GENERATE_INFOPLIST_FILE = YES;
				IPHONEOS_DEPLOYMENT_TARGET = 16.2;
				MARKETING_VERSION = 1.0;
				PRODUCT_BUNDLE_IDENTIFIER = com.iti.NexCartTests;
				PRODUCT_NAME = "$(TARGET_NAME)";
				SWIFT_EMIT_LOC_STRINGS = NO;
				SWIFT_VERSION = 5.0;
				TARGETED_DEVICE_FAMILY = "1,2";
				TEST_HOST = "$(BUILT_PRODUCTS_DIR)/NexCart.app/$(BUNDLE_EXECUTABLE_FOLDER_PATH)/NexCart";
			};
			name = Debug;
		};
		D960C1C82FF1167C00FFF4D9 /* Release */ = {
			isa = XCBuildConfiguration;
			buildSettings = {
				ALWAYS_EMBED_SWIFT_STANDARD_LIBRARIES = YES;
				BUNDLE_LOADER = "$(TEST_HOST)";
				CODE_SIGN_STYLE = Automatic;
				CURRENT_PROJECT_VERSION = 1;
				GENERATE_INFOPLIST_FILE = YES;
				IPHONEOS_DEPLOYMENT_TARGET = 16.2;
				MARKETING_VERSION = 1.0;
				PRODUCT_BUNDLE_IDENTIFIER = com.iti.NexCartTests;
				PRODUCT_NAME = "$(TARGET_NAME)";
				SWIFT_EMIT_LOC_STRINGS = NO;
				SWIFT_VERSION = 5.0;
				TARGETED_DEVICE_FAMILY = "1,2";
				TEST_HOST = "$(BUILT_PRODUCTS_DIR)/NexCart.app/$(BUNDLE_EXECUTABLE_FOLDER_PATH)/NexCart";
			};
			name = Release;
		};
		D960C1CA2FF1167C00FFF4D9 /* Debug */ = {
			isa = XCBuildConfiguration;
			buildSettings = {
				ALWAYS_EMBED_SWIFT_STANDARD_LIBRARIES = YES;
				CODE_SIGN_STYLE = Automatic;
				CURRENT_PROJECT_VERSION = 1;
				GENERATE_INFOPLIST_FILE = YES;
				MARKETING_VERSION = 1.0;
				PRODUCT_BUNDLE_IDENTIFIER = com.iti.NexCartUITests;
				PRODUCT_NAME = "$(TARGET_NAME)";
				SWIFT_EMIT_LOC_STRINGS = NO;
				SWIFT_VERSION = 5.0;
				TARGETED_DEVICE_FAMILY = "1,2";
				TEST_TARGET_NAME = NexCart;
			};
			name = Debug;
		};
		D960C1CB2FF1167C00FFF4D9 /* Release */ = {
			isa = XCBuildConfiguration;
			buildSettings = {
				ALWAYS_EMBED_SWIFT_STANDARD_LIBRARIES = YES;
				CODE_SIGN_STYLE = Automatic;
				CURRENT_PROJECT_VERSION = 1;
				GENERATE_INFOPLIST_FILE = YES;
				MARKETING_VERSION = 1.0;
				PRODUCT_BUNDLE_IDENTIFIER = com.iti.NexCartUITests;
				PRODUCT_NAME = "$(TARGET_NAME)";
				SWIFT_EMIT_LOC_STRINGS = NO;
				SWIFT_VERSION = 5.0;
				TARGETED_DEVICE_FAMILY = "1,2";
				TEST_TARGET_NAME = NexCart;
			};
			name = Release;
		};
/* End XCBuildConfiguration section */

/* Begin XCConfigurationList section */
		D960C1952FF1167A00FFF4D9 /* Build configuration list for PBXProject "NexCart" */ = {
			isa = XCConfigurationList;
			buildConfigurations = (
				D960C1C12FF1167C00FFF4D9 /* Debug */,
				D960C1C22FF1167C00FFF4D9 /* Release */,
			);
			defaultConfigurationIsVisible = 0;
			defaultConfigurationName = Release;
		};
		D960C1C32FF1167C00FFF4D9 /* Build configuration list for PBXNativeTarget "NexCart" */ = {
			isa = XCConfigurationList;
			buildConfigurations = (
				D960C1C42FF1167C00FFF4D9 /* Debug */,
				D960C1C52FF1167C00FFF4D9 /* Release */,
			);
			defaultConfigurationIsVisible = 0;
			defaultConfigurationName = Release;
		};
		D960C1C62FF1167C00FFF4D9 /* Build configuration list for PBXNativeTarget "NexCartTests" */ = {
			isa = XCConfigurationList;
			buildConfigurations = (
				D960C1C72FF1167C00FFF4D9 /* Debug */,
				D960C1C82FF1167C00FFF4D9 /* Release */,
			);
			defaultConfigurationIsVisible = 0;
			defaultConfigurationName = Release;
		};
		D960C1C92FF1167C00FFF4D9 /* Build configuration list for PBXNativeTarget "NexCartUITests" */ = {
			isa = XCConfigurationList;
			buildConfigurations = (
				D960C1CA2FF1167C00FFF4D9 /* Debug */,
				D960C1CB2FF1167C00FFF4D9 /* Release */,
			);
			defaultConfigurationIsVisible = 0;
			defaultConfigurationName = Release;
		};
/* End XCConfigurationList section */

/* Begin XCVersionGroup section */
		D960C1A82FF1167C00FFF4D9 /* NexCart.xcdatamodeld */ = {
			isa = XCVersionGroup;
			children = (
				D960C1A92FF1167C00FFF4D9 /* NexCart.xcdatamodel */,
			);
			currentVersion = D960C1A92FF1167C00FFF4D9 /* NexCart.xcdatamodel */;
			path = NexCart.xcdatamodeld;
			sourceTree = "<group>";
			versionGroupType = wrapper.xcdatamodel;
		};
/* End XCVersionGroup section */
	};
	rootObject = D960C1922FF1167A00FFF4D9 /* Project object */;
}
