// !$*UTF8*$!
{
	archiveVersion = 1;
	classes = {
	};
	objectVersion = 56;
	objects = {

/* Begin PBXBuildFile section */
		9F8F1E512FF3898D0016B844 /* FetchHomeProductsUseCaseProtocol.swift in Sources */ = {isa = PBXBuildFile; fileRef = 9F8F1E452FF3898D0016B844 /* FetchHomeProductsUseCaseProtocol.swift */; };
		9F8F1E522FF3898D0016B844 /* HomeRepository.swift in Sources */ = {isa = PBXBuildFile; fileRef = 9F8F1E412FF3898D0016B844 /* HomeRepository.swift */; };
		9F8F1E532FF3898D0016B844 /* HomeView.swift in Sources */ = {isa = PBXBuildFile; fileRef = 9F8F1E4B2FF3898D0016B844 /* HomeView.swift */; };
		9F8F1E542FF3898D0016B844 /* HomeEntity.swift in Sources */ = {isa = PBXBuildFile; fileRef = 9F8F1E3F2FF3898D0016B844 /* HomeEntity.swift */; };
		9F8F1E562FF3898D0016B844 /* HomeViewModel.swift in Sources */ = {isa = PBXBuildFile; fileRef = 9F8F1E4D2FF3898D0016B844 /* HomeViewModel.swift */; };
		9F8F1E572FF3898D0016B844 /* HomeBrandSection.swift in Sources */ = {isa = PBXBuildFile; fileRef = 9F8F1E482FF3898D0016B844 /* HomeBrandSection.swift */; };
		9F8F1E582FF3898D0016B844 /* HomeProtocol.swift in Sources */ = {isa = PBXBuildFile; fileRef = 9F8F1E432FF3898D0016B844 /* HomeProtocol.swift */; };
		9F8F1E592FF3898D0016B844 /* HomeHeroSection.swift in Sources */ = {isa = PBXBuildFile; fileRef = 9F8F1E492FF3898D0016B844 /* HomeHeroSection.swift */; };
		9F8F1E5A2FF3898D0016B844 /* HomenewSection.swift in Sources */ = {isa = PBXBuildFile; fileRef = 9F8F1E4A2FF3898D0016B844 /* HomenewSection.swift */; };
		9F8F1E622FF38A6E0016B844 /* ProductDto.swift in Sources */ = {isa = PBXBuildFile; fileRef = 9F8F1E612FF38A6E0016B844 /* ProductDto.swift */; };
		9F8F1E632FF38A6E0016B844 /* BrandDto.swift in Sources */ = {isa = PBXBuildFile; fileRef = 9F8F1E602FF38A6E0016B844 /* BrandDto.swift */; };
		9F92BF412FF478C300E090B7 /* BrandEntity.swift in Sources */ = {isa = PBXBuildFile; fileRef = 9F92BF402FF478C300E090B7 /* BrandEntity.swift */; };
		9F92BF442FF4796C00E090B7 /* BrandsRepoProtocol.swift in Sources */ = {isa = PBXBuildFile; fileRef = 9F92BF432FF4796C00E090B7 /* BrandsRepoProtocol.swift */; };
		9F92BF472FF479D300E090B7 /* BrandUseCase.swift in Sources */ = {isa = PBXBuildFile; fileRef = 9F92BF462FF479D300E090B7 /* BrandUseCase.swift */; };
		9F92BF4A2FF47AA500E090B7 /* BrandsEndPoint.swift in Sources */ = {isa = PBXBuildFile; fileRef = 9F92BF492FF47AA500E090B7 /* BrandsEndPoint.swift */; };
		9F92BF4C2FF47AD900E090B7 /* BrandProductsEndPoint.swift in Sources */ = {isa = PBXBuildFile; fileRef = 9F92BF4B2FF47AD900E090B7 /* BrandProductsEndPoint.swift */; };
		9F92BF4F2FF47B5800E090B7 /* BrandsRepository.swift in Sources */ = {isa = PBXBuildFile; fileRef = 9F92BF4E2FF47B5800E090B7 /* BrandsRepository.swift */; };
		9F92BF532FF47D7900E090B7 /* BrandListViewModel.swift in Sources */ = {isa = PBXBuildFile; fileRef = 9F92BF522FF47D7900E090B7 /* BrandListViewModel.swift */; };
		9F92BF552FF47D9E00E090B7 /* BrandListView.swift in Sources */ = {isa = PBXBuildFile; fileRef = 9F92BF542FF47D9E00E090B7 /* BrandListView.swift */; };
		9F92BF572FF47DCF00E090B7 /* BrandProductViewModel.swift in Sources */ = {isa = PBXBuildFile; fileRef = 9F92BF562FF47DCF00E090B7 /* BrandProductViewModel.swift */; };
		9F92BF592FF47DF100E090B7 /* BrandProductView.swift in Sources */ = {isa = PBXBuildFile; fileRef = 9F92BF582FF47DF100E090B7 /* BrandProductView.swift */; };
		9F92BF5B2FF4803E00E090B7 /* BrandProductUseCase.swift in Sources */ = {isa = PBXBuildFile; fileRef = 9F92BF5A2FF4803E00E090B7 /* BrandProductUseCase.swift */; };
		9F9498132FF57881000CEB5A /* NexCart.xcdatamodeld in Sources */ = {isa = PBXBuildFile; fileRef = 9F94980C2FF57881000CEB5A /* NexCart.xcdatamodeld */; };
		9F9498142FF57881000CEB5A /* CoreData.swift in Sources */ = {isa = PBXBuildFile; fileRef = 9F94980F2FF57881000CEB5A /* CoreData.swift */; };
		9F9498152FF57881000CEB5A /* ProductsRepo.swift in Sources */ = {isa = PBXBuildFile; fileRef = 9F9498102FF57881000CEB5A /* ProductsRepo.swift */; };
		9F9498162FF57881000CEB5A /* Persistence.swift in Sources */ = {isa = PBXBuildFile; fileRef = 9F94980D2FF57881000CEB5A /* Persistence.swift */; };
		9F94981A2FF578BE000CEB5A /* EndPoint.swift in Sources */ = {isa = PBXBuildFile; fileRef = 9F9498172FF578BE000CEB5A /* EndPoint.swift */; };
		9F94981B2FF578BE000CEB5A /* ProductEndPoint.swift in Sources */ = {isa = PBXBuildFile; fileRef = 9F9498182FF578BE000CEB5A /* ProductEndPoint.swift */; };
		D960C19E2FF1167A00FFF4D9 /* NexCartApp.swift in Sources */ = {isa = PBXBuildFile; fileRef = D960C19D2FF1167A00FFF4D9 /* NexCartApp.swift */; };
		D960C1A02FF1167A00FFF4D9 /* ContentView.swift in Sources */ = {isa = PBXBuildFile; fileRef = D960C19F2FF1167A00FFF4D9 /* ContentView.swift */; };
		D960C1A22FF1167C00FFF4D9 /* Assets.xcassets in Resources */ = {isa = PBXBuildFile; fileRef = D960C1A12FF1167C00FFF4D9 /* Assets.xcassets */; };
		D960C1A52FF1167C00FFF4D9 /* Preview Assets.xcassets in Resources */ = {isa = PBXBuildFile; fileRef = D960C1A42FF1167C00FFF4D9 /* Preview Assets.xcassets */; };
		D960C1B42FF1167C00FFF4D9 /* NexCartTests.swift in Sources */ = {isa = PBXBuildFile; fileRef = D960C1B32FF1167C00FFF4D9 /* NexCartTests.swift */; };
		D960C1BE2FF1167C00FFF4D9 /* NexCartUITests.swift in Sources */ = {isa = PBXBuildFile; fileRef = D960C1BD2FF1167C00FFF4D9 /* NexCartUITests.swift */; };
		D960C1C02FF1167C00FFF4D9 /* NexCartUITestsLaunchTests.swift in Sources */ = {isa = PBXBuildFile; fileRef = D960C1BF2FF1167C00FFF4D9 /* NexCartUITestsLaunchTests.swift */; };
		D960C1E52FF11ACE00FFF4D9 /* AppTheme.swift in Sources */ = {isa = PBXBuildFile; fileRef = D960C1E42FF11ACE00FFF4D9 /* AppTheme.swift */; };
		D960C1ED2FF120A500FFF4D9 /* ApiService.swift in Sources */ = {isa = PBXBuildFile; fileRef = D960C1EB2FF120A500FFF4D9 /* ApiService.swift */; };
		D960C1EE2FF120A500FFF4D9 /* ApiServiceProtocol.swift in Sources */ = {isa = PBXBuildFile; fileRef = D960C1EC2FF120A500FFF4D9 /* ApiServiceProtocol.swift */; };
		D960C1F42FF1243400FFF4D9 /* LaunchScreen.swift in Sources */ = {isa = PBXBuildFile; fileRef = D960C1F32FF1243400FFF4D9 /* LaunchScreen.swift */; };
		D960C1F62FF12A1500FFF4D9 /* SignInScreen.swift in Sources */ = {isa = PBXBuildFile; fileRef = D960C1F52FF12A1500FFF4D9 /* SignInScreen.swift */; };
		D960C20F2FF1734B00FFF4D9 /* AuthEntities.swift in Sources */ = {isa = PBXBuildFile; fileRef = D960C20E2FF1734B00FFF4D9 /* AuthEntities.swift */; };
		D960C2112FF174C100FFF4D9 /* AuthRepoInterface.swift in Sources */ = {isa = PBXBuildFile; fileRef = D960C2102FF174C100FFF4D9 /* AuthRepoInterface.swift */; };
		D960C2162FF1778200FFF4D9 /* AuthError.swift in Sources */ = {isa = PBXBuildFile; fileRef = D960C2152FF1778200FFF4D9 /* AuthError.swift */; };
		D960C2192FF17AF700FFF4D9 /* LoginWithEmail.swift in Sources */ = {isa = PBXBuildFile; fileRef = D960C2182FF17AF700FFF4D9 /* LoginWithEmail.swift */; };
		D960C21B2FF17B3600FFF4D9 /* LoginWithSocialProvider.swift in Sources */ = {isa = PBXBuildFile; fileRef = D960C21A2FF17B3600FFF4D9 /* LoginWithSocialProvider.swift */; };
		D960C21D2FF17B6100FFF4D9 /* LoginAsGuest.swift in Sources */ = {isa = PBXBuildFile; fileRef = D960C21C2FF17B6100FFF4D9 /* LoginAsGuest.swift */; };
		D960C2202FF17BE800FFF4D9 /* CreatNewAccount.swift in Sources */ = {isa = PBXBuildFile; fileRef = D960C21F2FF17BE800FFF4D9 /* CreatNewAccount.swift */; };
		D960C2232FF17C8200FFF4D9 /* ForgotPass.swift in Sources */ = {isa = PBXBuildFile; fileRef = D960C2222FF17C8200FFF4D9 /* ForgotPass.swift */; };
		D960C2262FF17D6D00FFF4D9 /* LogOut.swift in Sources */ = {isa = PBXBuildFile; fileRef = D960C2252FF17D6D00FFF4D9 /* LogOut.swift */; };
		D960C2282FF1813900FFF4D9 /* SignInViweModel.swift in Sources */ = {isa = PBXBuildFile; fileRef = D960C2272FF1813900FFF4D9 /* SignInViweModel.swift */; };
		D960C22A2FF18C6500FFF4D9 /* FakeAuthRepo.swift in Sources */ = {isa = PBXBuildFile; fileRef = D960C2292FF18C6500FFF4D9 /* FakeAuthRepo.swift */; };
		D960C22D2FF197CC00FFF4D9 /* Swinject in Frameworks */ = {isa = PBXBuildFile; productRef = D960C22C2FF197CC00FFF4D9 /* Swinject */; };
		D960C2312FF1981D00FFF4D9 /* DIContainer.swift in Sources */ = {isa = PBXBuildFile; fileRef = D960C2302FF1981D00FFF4D9 /* DIContainer.swift */; };
		D960C2342FF1987600FFF4D9 /* DIContainer+Repositories.swift in Sources */ = {isa = PBXBuildFile; fileRef = D960C2332FF1987600FFF4D9 /* DIContainer+Repositories.swift */; };
		D960C2362FF1989F00FFF4D9 /* DIContainer+UseCases.swift in Sources */ = {isa = PBXBuildFile; fileRef = D960C2352FF1989F00FFF4D9 /* DIContainer+UseCases.swift */; };
		D960C2382FF1990900FFF4D9 /* DIContainer+ViewModels.swift in Sources */ = {isa = PBXBuildFile; fileRef = D960C2372FF1990900FFF4D9 /* DIContainer+ViewModels.swift */; };
		D960C23A2FF1A0AB00FFF4D9 /* AuthDesignSystem.swift in Sources */ = {isa = PBXBuildFile; fileRef = D960C2392FF1A0AB00FFF4D9 /* AuthDesignSystem.swift */; };
		D960C23D2FF1A1D500FFF4D9 /* FakeUseCases.swift in Sources */ = {isa = PBXBuildFile; fileRef = D960C23C2FF1A1D500FFF4D9 /* FakeUseCases.swift */; };
		D960C23F2FF1B28E00FFF4D9 /* SignUpScreen.swift in Sources */ = {isa = PBXBuildFile; fileRef = D960C23E2FF1B28E00FFF4D9 /* SignUpScreen.swift */; };
		D960C2452FF1B40300FFF4D9 /* SignUpViewModel.swift in Sources */ = {isa = PBXBuildFile; fileRef = D960C2442FF1B40300FFF4D9 /* SignUpViewModel.swift */; };
		D960C2472FF1B6CA00FFF4D9 /* ShardViews.swift in Sources */ = {isa = PBXBuildFile; fileRef = D960C2462FF1B6CA00FFF4D9 /* ShardViews.swift */; };
		D9EAA1272FF274410097C038 /* FirebaseAuth in Frameworks */ = {isa = PBXBuildFile; productRef = D9EAA1262FF274410097C038 /* FirebaseAuth */; };
		D9EAA12C2FF275690097C038 /* FirebaseAuthService.swift in Sources */ = {isa = PBXBuildFile; fileRef = D9EAA12B2FF275690097C038 /* FirebaseAuthService.swift */; };
		D9EAA12F2FF278000097C038 /* GoogleSignIn in Frameworks */ = {isa = PBXBuildFile; productRef = D9EAA12E2FF278000097C038 /* GoogleSignIn */; };
		D9EAA1312FF278000097C038 /* GoogleSignInSwift in Frameworks */ = {isa = PBXBuildFile; productRef = D9EAA1302FF278000097C038 /* GoogleSignInSwift */; };
		D9EAA1332FF27A3F0097C038 /* FirebaseAuthRepository.swift in Sources */ = {isa = PBXBuildFile; fileRef = D9EAA1322FF27A3F0097C038 /* FirebaseAuthRepository.swift */; };
		D9EAA1352FF281F30097C038 /* DIContainer+Services.swift in Sources */ = {isa = PBXBuildFile; fileRef = D9EAA1342FF281F30097C038 /* DIContainer+Services.swift */; };
		D9EAA1392FF28A480097C038 /* GoogleService-Info.plist in Resources */ = {isa = PBXBuildFile; fileRef = D9EAA1382FF28A480097C038 /* GoogleService-Info.plist */; };
		D9EAA13D2FF28FC70097C038 /* AuthMappers.swift in Sources */ = {isa = PBXBuildFile; fileRef = D9EAA13C2FF28FC70097C038 /* AuthMappers.swift */; };
/* End PBXBuildFile section */

/* Begin PBXContainerItemProxy section */
		D960C1B02FF1167C00FFF4D9 /* PBXContainerItemProxy */ = {
			isa = PBXContainerItemProxy;
			containerPortal = D960C1922FF1167A00FFF4D9 /* Project object */;
			proxyType = 1;
			remoteGlobalIDString = D960C1992FF1167A00FFF4D9;
			remoteInfo = NexCart;
		};
		D960C1BA2FF1167C00FFF4D9 /* PBXContainerItemProxy */ = {
			isa = PBXContainerItemProxy;
			containerPortal = D960C1922FF1167A00FFF4D9 /* Project object */;
			proxyType = 1;
			remoteGlobalIDString = D960C1992FF1167A00FFF4D9;
			remoteInfo = NexCart;
		};
/* End PBXContainerItemProxy section */

/* Begin PBXFileReference section */
		9F8F1E3F2FF3898D0016B844 /* HomeEntity.swift */ = {isa = PBXFileReference; lastKnownFileType = sourcecode.swift; path = HomeEntity.swift; sourceTree = "<group>"; };
		9F8F1E412FF3898D0016B844 /* HomeRepository.swift */ = {isa = PBXFileReference; lastKnownFileType = sourcecode.swift; path = HomeRepository.swift; sourceTree = "<group>"; };
		9F8F1E432FF3898D0016B844 /* HomeProtocol.swift */ = {isa = PBXFileReference; lastKnownFileType = sourcecode.swift; path = HomeProtocol.swift; sourceTree = "<group>"; };
		9F8F1E452FF3898D0016B844 /* FetchHomeProductsUseCaseProtocol.swift */ = {isa = PBXFileReference; lastKnownFileType = sourcecode.swift; path = FetchHomeProductsUseCaseProtocol.swift; sourceTree = "<group>"; };
		9F8F1E482FF3898D0016B844 /* HomeBrandSection.swift */ = {isa = PBXFileReference; lastKnownFileType = sourcecode.swift; path = HomeBrandSection.swift; sourceTree = "<group>"; };
		9F8F1E492FF3898D0016B844 /* HomeHeroSection.swift */ = {isa = PBXFileReference; lastKnownFileType = sourcecode.swift; path = HomeHeroSection.swift; sourceTree = "<group>"; };
		9F8F1E4A2FF3898D0016B844 /* HomenewSection.swift */ = {isa = PBXFileReference; lastKnownFileType = sourcecode.swift; path = HomenewSection.swift; sourceTree = "<group>"; };
		9F8F1E4B2FF3898D0016B844 /* HomeView.swift */ = {isa = PBXFileReference; lastKnownFileType = sourcecode.swift; path = HomeView.swift; sourceTree = "<group>"; };
		9F8F1E4D2FF3898D0016B844 /* HomeViewModel.swift */ = {isa = PBXFileReference; lastKnownFileType = sourcecode.swift; path = HomeViewModel.swift; sourceTree = "<group>"; };
		9F8F1E602FF38A6E0016B844 /* BrandDto.swift */ = {isa = PBXFileReference; lastKnownFileType = sourcecode.swift; path = BrandDto.swift; sourceTree = "<group>"; };
		9F8F1E612FF38A6E0016B844 /* ProductDto.swift */ = {isa = PBXFileReference; lastKnownFileType = sourcecode.swift; path = ProductDto.swift; sourceTree = "<group>"; };
		9F92BF402FF478C300E090B7 /* BrandEntity.swift */ = {isa = PBXFileReference; lastKnownFileType = sourcecode.swift; path = BrandEntity.swift; sourceTree = "<group>"; };
		9F92BF432FF4796C00E090B7 /* BrandsRepoProtocol.swift */ = {isa = PBXFileReference; lastKnownFileType = sourcecode.swift; path = BrandsRepoProtocol.swift; sourceTree = "<group>"; };
		9F92BF462FF479D300E090B7 /* BrandUseCase.swift */ = {isa = PBXFileReference; lastKnownFileType = sourcecode.swift; path = BrandUseCase.swift; sourceTree = "<group>"; };
		9F92BF492FF47AA500E090B7 /* BrandsEndPoint.swift */ = {isa = PBXFileReference; lastKnownFileType = sourcecode.swift; path = BrandsEndPoint.swift; sourceTree = "<group>"; };
		9F92BF4B2FF47AD900E090B7 /* BrandProductsEndPoint.swift */ = {isa = PBXFileReference; lastKnownFileType = sourcecode.swift; path = BrandProductsEndPoint.swift; sourceTree = "<group>"; };
		9F92BF4E2FF47B5800E090B7 /* BrandsRepository.swift */ = {isa = PBXFileReference; lastKnownFileType = sourcecode.swift; path = BrandsRepository.swift; sourceTree = "<group>"; };
		9F92BF522FF47D7900E090B7 /* BrandListViewModel.swift */ = {isa = PBXFileReference; lastKnownFileType = sourcecode.swift; path = BrandListViewModel.swift; sourceTree = "<group>"; };
		9F92BF542FF47D9E00E090B7 /* BrandListView.swift */ = {isa = PBXFileReference; lastKnownFileType = sourcecode.swift; path = BrandListView.swift; sourceTree = "<group>"; };
		9F92BF562FF47DCF00E090B7 /* BrandProductViewModel.swift */ = {isa = PBXFileReference; lastKnownFileType = sourcecode.swift; path = BrandProductViewModel.swift; sourceTree = "<group>"; };
		9F92BF582FF47DF100E090B7 /* BrandProductView.swift */ = {isa = PBXFileReference; lastKnownFileType = sourcecode.swift; path = BrandProductView.swift; sourceTree = "<group>"; };
		9F92BF5A2FF4803E00E090B7 /* BrandProductUseCase.swift */ = {isa = PBXFileReference; lastKnownFileType = sourcecode.swift; path = BrandProductUseCase.swift; sourceTree = "<group>"; };
		9F94980D2FF57881000CEB5A /* Persistence.swift */ = {isa = PBXFileReference; lastKnownFileType = sourcecode.swift; path = Persistence.swift; sourceTree = "<group>"; };
		9F94980F2FF57881000CEB5A /* CoreData.swift */ = {isa = PBXFileReference; lastKnownFileType = sourcecode.swift; path = CoreData.swift; sourceTree = "<group>"; };
		9F9498102FF57881000CEB5A /* ProductsRepo.swift */ = {isa = PBXFileReference; lastKnownFileType = sourcecode.swift; path = ProductsRepo.swift; sourceTree = "<group>"; };
		9F9498122FF57881000CEB5A /* NexCart.xcdatamodel */ = {isa = PBXFileReference; lastKnownFileType = wrapper.xcdatamodel; path = NexCart.xcdatamodel; sourceTree = "<group>"; };
		9F9498172FF578BE000CEB5A /* EndPoint.swift */ = {isa = PBXFileReference; lastKnownFileType = sourcecode.swift; path = EndPoint.swift; sourceTree = "<group>"; };
		9F9498182FF578BE000CEB5A /* ProductEndPoint.swift */ = {isa = PBXFileReference; lastKnownFileType = sourcecode.swift; path = ProductEndPoint.swift; sourceTree = "<group>"; };
		D960C19A2FF1167A00FFF4D9 /* NexCart.app */ = {isa = PBXFileReference; explicitFileType = wrapper.application; includeInIndex = 0; path = NexCart.app; sourceTree = BUILT_PRODUCTS_DIR; };
		D960C19D2FF1167A00FFF4D9 /* NexCartApp.swift */ = {isa = PBXFileReference; lastKnownFileType = sourcecode.swift; path = NexCartApp.swift; sourceTree = "<group>"; };
		D960C19F2FF1167A00FFF4D9 /* ContentView.swift */ = {isa = PBXFileReference; lastKnownFileType = sourcecode.swift; path = ContentView.swift; sourceTree = "<group>"; };
		D960C1A12FF1167C00FFF4D9 /* Assets.xcassets */ = {isa = PBXFileReference; lastKnownFileType = folder.assetcatalog; path = Assets.xcassets; sourceTree = "<group>"; };
		D960C1A42FF1167C00FFF4D9 /* Preview Assets.xcassets */ = {isa = PBXFileReference; lastKnownFileType = folder.assetcatalog; path = "Preview Assets.xcassets"; sourceTree = "<group>"; };
		D960C1AF2FF1167C00FFF4D9 /* NexCartTests.xctest */ = {isa = PBXFileReference; explicitFileType = wrapper.cfbundle; includeInIndex = 0; path = NexCartTests.xctest; sourceTree = BUILT_PRODUCTS_DIR; };
		D960C1B32FF1167C00FFF4D9 /* NexCartTests.swift */ = {isa = PBXFileReference; lastKnownFileType = sourcecode.swift; path = NexCartTests.swift; sourceTree = "<group>"; };
		D960C1B92FF1167C00FFF4D9 /* NexCartUITests.xctest */ = {isa = PBXFileReference; explicitFileType = wrapper.cfbundle; includeInIndex = 0; path = NexCartUITests.xctest; sourceTree = BUILT_PRODUCTS_DIR; };
		D960C1BD2FF1167C00FFF4D9 /* NexCartUITests.swift */ = {isa = PBXFileReference; lastKnownFileType = sourcecode.swift; path = NexCartUITests.swift; sourceTree = "<group>"; };
		D960C1BF2FF1167C00FFF4D9 /* NexCartUITestsLaunchTests.swift */ = {isa = PBXFileReference; lastKnownFileType = sourcecode.swift; path = NexCartUITestsLaunchTests.swift; sourceTree = "<group>"; };
		D960C1E42FF11ACE00FFF4D9 /* AppTheme.swift */ = {isa = PBXFileReference; lastKnownFileType = sourcecode.swift; path = AppTheme.swift; sourceTree = "<group>"; };
		D960C1EB2FF120A500FFF4D9 /* ApiService.swift */ = {isa = PBXFileReference; fileEncoding = 4; lastKnownFileType = sourcecode.swift; path = ApiService.swift; sourceTree = "<group>"; };
		D960C1EC2FF120A500FFF4D9 /* ApiServiceProtocol.swift */ = {isa = PBXFileReference; fileEncoding = 4; lastKnownFileType = sourcecode.swift; path = ApiServiceProtocol.swift; sourceTree = "<group>"; };
		D960C1F32FF1243400FFF4D9 /* LaunchScreen.swift */ = {isa = PBXFileReference; lastKnownFileType = sourcecode.swift; path = LaunchScreen.swift; sourceTree = "<group>"; };
		D960C1F52FF12A1500FFF4D9 /* SignInScreen.swift */ = {isa = PBXFileReference; lastKnownFileType = sourcecode.swift; path = SignInScreen.swift; sourceTree = "<group>"; };
		D960C20E2FF1734B00FFF4D9 /* AuthEntities.swift */ = {isa = PBXFileReference; lastKnownFileType = sourcecode.swift; path = AuthEntities.swift; sourceTree = "<group>"; };
		D960C2102FF174C100FFF4D9 /* AuthRepoInterface.swift */ = {isa = PBXFileReference; lastKnownFileType = sourcecode.swift; path = AuthRepoInterface.swift; sourceTree = "<group>"; };
		D960C2152FF1778200FFF4D9 /* AuthError.swift */ = {isa = PBXFileReference; lastKnownFileType = sourcecode.swift; path = AuthError.swift; sourceTree = "<group>"; };
		D960C2182FF17AF700FFF4D9 /* LoginWithEmail.swift */ = {isa = PBXFileReference; lastKnownFileType = sourcecode.swift; path = LoginWithEmail.swift; sourceTree = "<group>"; };
		D960C21A2FF17B3600FFF4D9 /* LoginWithSocialProvider.swift */ = {isa = PBXFileReference; lastKnownFileType = sourcecode.swift; path = LoginWithSocialProvider.swift; sourceTree = "<group>"; };
		D960C21C2FF17B6100FFF4D9 /* LoginAsGuest.swift */ = {isa = PBXFileReference; lastKnownFileType = sourcecode.swift; path = LoginAsGuest.swift; sourceTree = "<group>"; };
		D960C21F2FF17BE800FFF4D9 /* CreatNewAccount.swift */ = {isa = PBXFileReference; lastKnownFileType = sourcecode.swift; path = CreatNewAccount.swift; sourceTree = "<group>"; };
		D960C2222FF17C8200FFF4D9 /* ForgotPass.swift */ = {isa = PBXFileReference; lastKnownFileType = sourcecode.swift; path = ForgotPass.swift; sourceTree = "<group>"; };
		D960C2252FF17D6D00FFF4D9 /* LogOut.swift */ = {isa = PBXFileReference; lastKnownFileType = sourcecode.swift; path = LogOut.swift; sourceTree = "<group>"; };
		D960C2272FF1813900FFF4D9 /* SignInViweModel.swift */ = {isa = PBXFileReference; lastKnownFileType = sourcecode.swift; path = SignInViweModel.swift; sourceTree = "<group>"; };
		D960C2292FF18C6500FFF4D9 /* FakeAuthRepo.swift */ = {isa = PBXFileReference; lastKnownFileType = sourcecode.swift; path = FakeAuthRepo.swift; sourceTree = "<group>"; };
		D960C2302FF1981D00FFF4D9 /* DIContainer.swift */ = {isa = PBXFileReference; lastKnownFileType = sourcecode.swift; path = DIContainer.swift; sourceTree = "<group>"; };
		D960C2332FF1987600FFF4D9 /* DIContainer+Repositories.swift */ = {isa = PBXFileReference; lastKnownFileType = sourcecode.swift; path = "DIContainer+Repositories.swift"; sourceTree = "<group>"; };
		D960C2352FF1989F00FFF4D9 /* DIContainer+UseCases.swift */ = {isa = PBXFileReference; lastKnownFileType = sourcecode.swift; path = "DIContainer+UseCases.swift"; sourceTree = "<group>"; };
		D960C2372FF1990900FFF4D9 /* DIContainer+ViewModels.swift */ = {isa = PBXFileReference; lastKnownFileType = sourcecode.swift; path = "DIContainer+ViewModels.swift"; sourceTree = "<group>"; };
		D960C2392FF1A0AB00FFF4D9 /* AuthDesignSystem.swift */ = {isa = PBXFileReference; lastKnownFileType = sourcecode.swift; path = AuthDesignSystem.swift; sourceTree = "<group>"; };
		D960C23C2FF1A1D500FFF4D9 /* FakeUseCases.swift */ = {isa = PBXFileReference; lastKnownFileType = sourcecode.swift; path = FakeUseCases.swift; sourceTree = "<group>"; };
		D960C23E2FF1B28E00FFF4D9 /* SignUpScreen.swift */ = {isa = PBXFileReference; lastKnownFileType = sourcecode.swift; path = SignUpScreen.swift; sourceTree = "<group>"; };
		D960C2442FF1B40300FFF4D9 /* SignUpViewModel.swift */ = {isa = PBXFileReference; lastKnownFileType = sourcecode.swift; path = SignUpViewModel.swift; sourceTree = "<group>"; };
		D960C2462FF1B6CA00FFF4D9 /* ShardViews.swift */ = {isa = PBXFileReference; lastKnownFileType = sourcecode.swift; path = ShardViews.swift; sourceTree = "<group>"; };
		D9EAA12B2FF275690097C038 /* FirebaseAuthService.swift */ = {isa = PBXFileReference; lastKnownFileType = sourcecode.swift; path = FirebaseAuthService.swift; sourceTree = "<group>"; };
		D9EAA1322FF27A3F0097C038 /* FirebaseAuthRepository.swift */ = {isa = PBXFileReference; lastKnownFileType = sourcecode.swift; path = FirebaseAuthRepository.swift; sourceTree = "<group>"; };
		D9EAA1342FF281F30097C038 /* DIContainer+Services.swift */ = {isa = PBXFileReference; lastKnownFileType = sourcecode.swift; path = "DIContainer+Services.swift"; sourceTree = "<group>"; };
		D9EAA1382FF28A480097C038 /* GoogleService-Info.plist */ = {isa = PBXFileReference; fileEncoding = 4; lastKnownFileType = text.plist.xml; path = "GoogleService-Info.plist"; sourceTree = "<group>"; };
		D9EAA13A2FF28BDF0097C038 /* Info.plist */ = {isa = PBXFileReference; lastKnownFileType = text.plist; path = Info.plist; sourceTree = "<group>"; };
		D9EAA13B2FF28C800097C038 /* NexCart.entitlements */ = {isa = PBXFileReference; lastKnownFileType = text.plist.entitlements; path = NexCart.entitlements; sourceTree = "<group>"; };
		D9EAA13C2FF28FC70097C038 /* AuthMappers.swift */ = {isa = PBXFileReference; lastKnownFileType = sourcecode.swift; path = AuthMappers.swift; sourceTree = "<group>"; };
/* End PBXFileReference section */

/* Begin PBXFrameworksBuildPhase section */
		D960C1972FF1167A00FFF4D9 /* Frameworks */ = {
			isa = PBXFrameworksBuildPhase;
			buildActionMask = 2147483647;
			files = (
				D960C22D2FF197CC00FFF4D9 /* Swinject in Frameworks */,
				D9EAA1272FF274410097C038 /* FirebaseAuth in Frameworks */,
				D9EAA12F2FF278000097C038 /* GoogleSignIn in Frameworks */,
				D9EAA1312FF278000097C038 /* GoogleSignInSwift in Frameworks */,
			);
			runOnlyForDeploymentPostprocessing = 0;
		};
		D960C1AC2FF1167C00FFF4D9 /* Frameworks */ = {
			isa = PBXFrameworksBuildPhase;
			buildActionMask = 2147483647;
			files = (
			);
			runOnlyForDeploymentPostprocessing = 0;
		};
		D960C1B62FF1167C00FFF4D9 /* Frameworks */ = {
			isa = PBXFrameworksBuildPhase;
			buildActionMask = 2147483647;
			files = (
			);
			runOnlyForDeploymentPostprocessing = 0;
		};
/* End PBXFrameworksBuildPhase section */

/* Begin PBXGroup section */
		9F8F1E3E2FF3898D0016B844 /* EndPoints */ = {
			isa = PBXGroup;
			children = (
			);
			path = EndPoints;
			sourceTree = "<group>";
		};
		9F8F1E402FF3898D0016B844 /* Entities */ = {
			isa = PBXGroup;
			children = (
				9F8F1E3F2FF3898D0016B844 /* HomeEntity.swift */,
			);
			path = Entities;
			sourceTree = "<group>";
		};
		9F8F1E422FF3898D0016B844 /* Data */ = {
			isa = PBXGroup;
			children = (
				9F8F1E3E2FF3898D0016B844 /* EndPoints */,
				9F8F1E402FF3898D0016B844 /* Entities */,
				9F8F1E412FF3898D0016B844 /* HomeRepository.swift */,
			);
			path = Data;
			sourceTree = "<group>";
		};
		9F8F1E442FF3898D0016B844 /* RepoInterface */ = {
			isa = PBXGroup;
			children = (
				9F8F1E432FF3898D0016B844 /* HomeProtocol.swift */,
			);
			path = RepoInterface;
			sourceTree = "<group>";
		};
		9F8F1E462FF3898D0016B844 /* UseCase */ = {
			isa = PBXGroup;
			children = (
				9F8F1E452FF3898D0016B844 /* FetchHomeProductsUseCaseProtocol.swift */,
			);
			path = UseCase;
			sourceTree = "<group>";
		};
		9F8F1E472FF3898D0016B844 /* Domain */ = {
			isa = PBXGroup;
			children = (
				9F8F1E442FF3898D0016B844 /* RepoInterface */,
				9F8F1E462FF3898D0016B844 /* UseCase */,
			);
			path = Domain;
			sourceTree = "<group>";
		};
		9F8F1E4C2FF3898D0016B844 /* View */ = {
			isa = PBXGroup;
			children = (
				9F8F1E482FF3898D0016B844 /* HomeBrandSection.swift */,
				9F8F1E492FF3898D0016B844 /* HomeHeroSection.swift */,
				9F8F1E4A2FF3898D0016B844 /* HomenewSection.swift */,
				9F8F1E4B2FF3898D0016B844 /* HomeView.swift */,
			);
			path = View;
			sourceTree = "<group>";
		};
		9F8F1E4E2FF3898D0016B844 /* ViewModel */ = {
			isa = PBXGroup;
			children = (
				9F8F1E4D2FF3898D0016B844 /* HomeViewModel.swift */,
			);
			path = ViewModel;
			sourceTree = "<group>";
		};
		9F8F1E4F2FF3898D0016B844 /* Presentation */ = {
			isa = PBXGroup;
			children = (
				9F8F1E4C2FF3898D0016B844 /* View */,
				9F8F1E4E2FF3898D0016B844 /* ViewModel */,
			);
			path = Presentation;
			sourceTree = "<group>";
		};
		9F8F1E502FF3898D0016B844 /* HomeScreen */ = {
			isa = PBXGroup;
			children = (
				9F8F1E422FF3898D0016B844 /* Data */,
				9F8F1E472FF3898D0016B844 /* Domain */,
				9F8F1E4F2FF3898D0016B844 /* Presentation */,
			);
			path = HomeScreen;
			sourceTree = "<group>";
		};
		9F8F1E5F2FF38A150016B844 /* Dtos */ = {
			isa = PBXGroup;
			children = (
				9F8F1E602FF38A6E0016B844 /* BrandDto.swift */,
				9F8F1E612FF38A6E0016B844 /* ProductDto.swift */,
			);
			path = Dtos;
			sourceTree = "<group>";
		};
		9F92BF3B2FF4774900E090B7 /* Brands */ = {
			isa = PBXGroup;
			children = (
				9F92BF3E2FF4776400E090B7 /* Presentation */,
				9F92BF3D2FF4775E00E090B7 /* Domain */,
				9F92BF3C2FF4775900E090B7 /* Data */,
			);
			path = Brands;
			sourceTree = "<group>";
		};
		9F92BF3C2FF4775900E090B7 /* Data */ = {
			isa = PBXGroup;
			children = (
				9F92BF4D2FF47B3100E090B7 /* Repository */,
				9F92BF482FF47A8800E090B7 /* EndPoints */,
			);
			path = Data;
			sourceTree = "<group>";
		};
		9F92BF3D2FF4775E00E090B7 /* Domain */ = {
			isa = PBXGroup;
			children = (
				9F92BF452FF479C400E090B7 /* UseCase */,
				9F92BF422FF4793A00E090B7 /* Repository */,
				9F92BF3F2FF4788200E090B7 /* Entities */,
			);
			path = Domain;
			sourceTree = "<group>";
		};
		9F92BF3E2FF4776400E090B7 /* Presentation */ = {
			isa = PBXGroup;
			children = (
				9F92BF512FF47CFF00E090B7 /* ViewModel */,
				9F92BF502FF47CF800E090B7 /* View */,
			);
			path = Presentation;
			sourceTree = "<group>";
		};
		9F92BF3F2FF4788200E090B7 /* Entities */ = {
			isa = PBXGroup;
			children = (
				9F92BF402FF478C300E090B7 /* BrandEntity.swift */,
			);
			path = Entities;
			sourceTree = "<group>";
		};
		9F92BF422FF4793A00E090B7 /* Repository */ = {
			isa = PBXGroup;
			children = (
				9F92BF432FF4796C00E090B7 /* BrandsRepoProtocol.swift */,
			);
			path = Repository;
			sourceTree = "<group>";
		};
		9F92BF452FF479C400E090B7 /* UseCase */ = {
			isa = PBXGroup;
			children = (
				9F92BF462FF479D300E090B7 /* BrandUseCase.swift */,
				9F92BF5A2FF4803E00E090B7 /* BrandProductUseCase.swift */,
			);
			path = UseCase;
			sourceTree = "<group>";
		};
		9F92BF482FF47A8800E090B7 /* EndPoints */ = {
			isa = PBXGroup;
			children = (
				9F92BF492FF47AA500E090B7 /* BrandsEndPoint.swift */,
				9F92BF4B2FF47AD900E090B7 /* BrandProductsEndPoint.swift */,
			);
			path = EndPoints;
			sourceTree = "<group>";
		};
		9F92BF4D2FF47B3100E090B7 /* Repository */ = {
			isa = PBXGroup;
			children = (
				9F92BF4E2FF47B5800E090B7 /* BrandsRepository.swift */,
			);
			path = Repository;
			sourceTree = "<group>";
		};
		9F92BF502FF47CF800E090B7 /* View */ = {
			isa = PBXGroup;
			children = (
				9F92BF542FF47D9E00E090B7 /* BrandListView.swift */,
				9F92BF582FF47DF100E090B7 /* BrandProductView.swift */,
			);
			path = View;
			sourceTree = "<group>";
		};
		9F92BF512FF47CFF00E090B7 /* ViewModel */ = {
			isa = PBXGroup;
			children = (
				9F92BF522FF47D7900E090B7 /* BrandListViewModel.swift */,
				9F92BF562FF47DCF00E090B7 /* BrandProductViewModel.swift */,
			);
			path = ViewModel;
			sourceTree = "<group>";
		};
		9F94980E2FF57881000CEB5A /* Core */ = {
			isa = PBXGroup;
			children = (
				9F94980C2FF57881000CEB5A /* NexCart.xcdatamodeld */,
				9F94980D2FF57881000CEB5A /* Persistence.swift */,
			);
			path = Core;
			sourceTree = "<group>";
		};
		9F9498112FF57881000CEB5A /* Local */ = {
			isa = PBXGroup;
			children = (
				9F94980E2FF57881000CEB5A /* Core */,
				9F94980F2FF57881000CEB5A /* CoreData.swift */,
				9F9498102FF57881000CEB5A /* ProductsRepo.swift */,
			);
			path = Local;
			sourceTree = "<group>";
		};
		9F9498192FF578BE000CEB5A /* EndPointe */ = {
			isa = PBXGroup;
			children = (
				9F9498172FF578BE000CEB5A /* EndPoint.swift */,
				9F9498182FF578BE000CEB5A /* ProductEndPoint.swift */,
			);
			path = EndPointe;
			sourceTree = "<group>";
		};
		D960C1912FF1167A00FFF4D9 = {
			isa = PBXGroup;
			children = (
				D960C19C2FF1167A00FFF4D9 /* NexCart */,
				D960C1B22FF1167C00FFF4D9 /* NexCartTests */,
				D960C1BC2FF1167C00FFF4D9 /* NexCartUITests */,
				D960C19B2FF1167A00FFF4D9 /* Products */,
			);
			sourceTree = "<group>";
		};
		D960C19B2FF1167A00FFF4D9 /* Products */ = {
			isa = PBXGroup;
			children = (
				D960C19A2FF1167A00FFF4D9 /* NexCart.app */,
				D960C1AF2FF1167C00FFF4D9 /* NexCartTests.xctest */,
				D960C1B92FF1167C00FFF4D9 /* NexCartUITests.xctest */,
			);
			name = Products;
			sourceTree = "<group>";
		};
		D960C19C2FF1167A00FFF4D9 /* NexCart */ = {
			isa = PBXGroup;
			children = (
				D9EAA13B2FF28C800097C038 /* NexCart.entitlements */,
				D9EAA13A2FF28BDF0097C038 /* Info.plist */,
				D9EAA1382FF28A480097C038 /* GoogleService-Info.plist */,
				D960C22E2FF1980C00FFF4D9 /* Core */,
				D960C1DE2FF1188900FFF4D9 /* App */,
				D960C1DB2FF1185A00FFF4D9 /* Presentation */,
				D960C1DD2FF1186200FFF4D9 /* Data */,
				D960C1CC2FF1178000FFF4D9 /* Modules */,
				D960C1A32FF1167C00FFF4D9 /* Preview Content */,
			);
			path = NexCart;
			sourceTree = "<group>";
		};
		D960C1A32FF1167C00FFF4D9 /* Preview Content */ = {
			isa = PBXGroup;
			children = (
				D960C1A42FF1167C00FFF4D9 /* Preview Assets.xcassets */,
			);
			path = "Preview Content";
			sourceTree = "<group>";
		};
		D960C1B22FF1167C00FFF4D9 /* NexCartTests */ = {
			isa = PBXGroup;
			children = (
				D960C1B32FF1167C00FFF4D9 /* NexCartTests.swift */,
			);
			path = NexCartTests;
			sourceTree = "<group>";
		};
		D960C1BC2FF1167C00FFF4D9 /* NexCartUITests */ = {
			isa = PBXGroup;
			children = (
				D960C1BD2FF1167C00FFF4D9 /* NexCartUITests.swift */,
				D960C1BF2FF1167C00FFF4D9 /* NexCartUITestsLaunchTests.swift */,
			);
			path = NexCartUITests;
			sourceTree = "<group>";
		};
		D960C1CC2FF1178000FFF4D9 /* Modules */ = {
			isa = PBXGroup;
			children = (
				9F92BF3B2FF4774900E090B7 /* Brands */,
				9F8F1E502FF3898D0016B844 /* HomeScreen */,
				D960C1F22FF1241B00FFF4D9 /* Launch */,
				D960C1CD2FF1178800FFF4D9 /* Auth */,
			);
			path = Modules;
			sourceTree = "<group>";
		};
		D960C1CD2FF1178800FFF4D9 /* Auth */ = {
			isa = PBXGroup;
			children = (
				D9EAA1282FF2750D0097C038 /* Presentation */,
				D960C1D62FF1182300FFF4D9 /* Domain */,
				D9EAA1292FF275230097C038 /* Data */,
			);
			path = Auth;
			sourceTree = "<group>";
		};
		D960C1CE2FF1178E00FFF4D9 /* SignIn */ = {
			isa = PBXGroup;
			children = (
				D960C1D02FF117C000FFF4D9 /* Presentation */,
			);
			path = SignIn;
			sourceTree = "<group>";
		};
		D960C1CF2FF117B800FFF4D9 /* SignUp */ = {
			isa = PBXGroup;
			children = (
				D960C1D32FF1180000FFF4D9 /* Presentation */,
			);
			path = SignUp;
			sourceTree = "<group>";
		};
		D960C1D02FF117C000FFF4D9 /* Presentation */ = {
			isa = PBXGroup;
			children = (
				D960C1D12FF117C900FFF4D9 /* View */,
				D960C1D22FF117CF00FFF4D9 /* VM */,
			);
			path = Presentation;
			sourceTree = "<group>";
		};
		D960C1D12FF117C900FFF4D9 /* View */ = {
			isa = PBXGroup;
			children = (
				D960C1F52FF12A1500FFF4D9 /* SignInScreen.swift */,
			);
			path = View;
			sourceTree = "<group>";
		};
		D960C1D22FF117CF00FFF4D9 /* VM */ = {
			isa = PBXGroup;
			children = (
				D960C2272FF1813900FFF4D9 /* SignInViweModel.swift */,
			);
			path = VM;
			sourceTree = "<group>";
		};
		D960C1D32FF1180000FFF4D9 /* Presentation */ = {
			isa = PBXGroup;
			children = (
				D960C1D52FF1181100FFF4D9 /* View */,
				D960C1D42FF1180B00FFF4D9 /* VM */,
			);
			path = Presentation;
			sourceTree = "<group>";
		};
		D960C1D42FF1180B00FFF4D9 /* VM */ = {
			isa = PBXGroup;
			children = (
				D960C2442FF1B40300FFF4D9 /* SignUpViewModel.swift */,
			);
			path = VM;
			sourceTree = "<group>";
		};
		D960C1D52FF1181100FFF4D9 /* View */ = {
			isa = PBXGroup;
			children = (
				D960C23E2FF1B28E00FFF4D9 /* SignUpScreen.swift */,
			);
			path = View;
			sourceTree = "<group>";
		};
		D960C1D62FF1182300FFF4D9 /* Domain */ = {
			isa = PBXGroup;
			children = (
				D960C20D2FF165E600FFF4D9 /* Entities */,
				D960C20C2FF165E000FFF4D9 /* UseCases */,
				D960C20B2FF165D200FFF4D9 /* RepoInterface */,
			);
			path = Domain;
			sourceTree = "<group>";
		};
		D960C1DB2FF1185A00FFF4D9 /* Presentation */ = {
			isa = PBXGroup;
			children = (
				D960C1E62FF11B0100FFF4D9 /* App */,
				D960C1E32FF11AC400FFF4D9 /* AppTheme */,
				D960C1E72FF11B0B00FFF4D9 /* ShardViews */,
			);
			path = Presentation;
			sourceTree = "<group>";
		};
		D960C1DD2FF1186200FFF4D9 /* Data */ = {
			isa = PBXGroup;
			children = (
				9F9498112FF57881000CEB5A /* Local */,
				D960C1E02FF1196900FFF4D9 /* Remote */,
				D960C23B2FF1A1BB00FFF4D9 /* FakeData */,
			);
			path = Data;
			sourceTree = "<group>";
		};
		D960C1DE2FF1188900FFF4D9 /* App */ = {
			isa = PBXGroup;
			children = (
				D960C1A12FF1167C00FFF4D9 /* Assets.xcassets */,
			);
			path = App;
			sourceTree = "<group>";
		};
		D960C1E02FF1196900FFF4D9 /* Remote */ = {
			isa = PBXGroup;
			children = (
				9F9498192FF578BE000CEB5A /* EndPointe */,
				9F8F1E5F2FF38A150016B844 /* Dtos */,
				D960C1E22FF1199A00FFF4D9 /* Services */,
			);
			path = Remote;
			sourceTree = "<group>";
		};
		D960C1E22FF1199A00FFF4D9 /* Services */ = {
			isa = PBXGroup;
			children = (
				D960C1EA2FF120A500FFF4D9 /* ApiService */,
			);
			path = Services;
			sourceTree = "<group>";
		};
		D960C1E32FF11AC400FFF4D9 /* AppTheme */ = {
			isa = PBXGroup;
			children = (
				D960C1E42FF11ACE00FFF4D9 /* AppTheme.swift */,
			);
			path = AppTheme;
			sourceTree = "<group>";
		};
		D960C1E62FF11B0100FFF4D9 /* App */ = {
			isa = PBXGroup;
			children = (
				D960C19D2FF1167A00FFF4D9 /* NexCartApp.swift */,
				D960C19F2FF1167A00FFF4D9 /* ContentView.swift */,
			);
			path = App;
			sourceTree = "<group>";
		};
		D960C1E72FF11B0B00FFF4D9 /* ShardViews */ = {
			isa = PBXGroup;
			children = (
				D960C2462FF1B6CA00FFF4D9 /* ShardViews.swift */,
			);
			path = ShardViews;
			sourceTree = "<group>";
		};
		D960C1EA2FF120A500FFF4D9 /* ApiService */ = {
			isa = PBXGroup;
			children = (
				D960C1EC2FF120A500FFF4D9 /* ApiServiceProtocol.swift */,
				D960C1EB2FF120A500FFF4D9 /* ApiService.swift */,
			);
			path = ApiService;
			sourceTree = "<group>";
		};
		D960C1F22FF1241B00FFF4D9 /* Launch */ = {
			isa = PBXGroup;
			children = (
				D960C1F32FF1243400FFF4D9 /* LaunchScreen.swift */,
			);
			path = Launch;
			sourceTree = "<group>";
		};
		D960C20B2FF165D200FFF4D9 /* RepoInterface */ = {
			isa = PBXGroup;
			children = (
				D960C2102FF174C100FFF4D9 /* AuthRepoInterface.swift */,
			);
			path = RepoInterface;
			sourceTree = "<group>";
		};
		D960C20C2FF165E000FFF4D9 /* UseCases */ = {
			isa = PBXGroup;
			children = (
				D960C2172FF17AD900FFF4D9 /* LoginUseCases */,
				D960C2242FF17D6300FFF4D9 /* LogOutUseCase */,
				D960C21E2FF17BC400FFF4D9 /* CreatNewAccountUseCases */,
				D960C2212FF17C6A00FFF4D9 /* ForgotPassUseCase */,
				D960C2152FF1778200FFF4D9 /* AuthError.swift */,
			);
			path = UseCases;
			sourceTree = "<group>";
		};
		D960C20D2FF165E600FFF4D9 /* Entities */ = {
			isa = PBXGroup;
			children = (
				D960C20E2FF1734B00FFF4D9 /* AuthEntities.swift */,
			);
			path = Entities;
			sourceTree = "<group>";
		};
		D960C2172FF17AD900FFF4D9 /* LoginUseCases */ = {
			isa = PBXGroup;
			children = (
				D960C2182FF17AF700FFF4D9 /* LoginWithEmail.swift */,
				D960C21A2FF17B3600FFF4D9 /* LoginWithSocialProvider.swift */,
				D960C21C2FF17B6100FFF4D9 /* LoginAsGuest.swift */,
			);
			path = LoginUseCases;
			sourceTree = "<group>";
		};
		D960C21E2FF17BC400FFF4D9 /* CreatNewAccountUseCases */ = {
			isa = PBXGroup;
			children = (
				D960C21F2FF17BE800FFF4D9 /* CreatNewAccount.swift */,
			);
			path = CreatNewAccountUseCases;
			sourceTree = "<group>";
		};
		D960C2212FF17C6A00FFF4D9 /* ForgotPassUseCase */ = {
			isa = PBXGroup;
			children = (
				D960C2222FF17C8200FFF4D9 /* ForgotPass.swift */,
			);
			path = ForgotPassUseCase;
			sourceTree = "<group>";
		};
		D960C2242FF17D6300FFF4D9 /* LogOutUseCase */ = {
			isa = PBXGroup;
			children = (
				D960C2252FF17D6D00FFF4D9 /* LogOut.swift */,
			);
			path = LogOutUseCase;
			sourceTree = "<group>";
		};
		D960C22E2FF1980C00FFF4D9 /* Core */ = {
			isa = PBXGroup;
			children = (
				D960C22F2FF1981100FFF4D9 /* DI */,
			);
			path = Core;
			sourceTree = "<group>";
		};
		D960C22F2FF1981100FFF4D9 /* DI */ = {
			isa = PBXGroup;
			children = (
				D960C2322FF1986000FFF4D9 /* InjectedFolders */,
				D960C2302FF1981D00FFF4D9 /* DIContainer.swift */,
			);
			path = DI;
			sourceTree = "<group>";
		};
		D960C2322FF1986000FFF4D9 /* InjectedFolders */ = {
			isa = PBXGroup;
			children = (
				D960C2332FF1987600FFF4D9 /* DIContainer+Repositories.swift */,
				D960C2352FF1989F00FFF4D9 /* DIContainer+UseCases.swift */,
				D960C2372FF1990900FFF4D9 /* DIContainer+ViewModels.swift */,
				D9EAA1342FF281F30097C038 /* DIContainer+Services.swift */,
			);
			path = InjectedFolders;
			sourceTree = "<group>";
		};
		D960C23B2FF1A1BB00FFF4D9 /* FakeData */ = {
			isa = PBXGroup;
			children = (
				D960C2292FF18C6500FFF4D9 /* FakeAuthRepo.swift */,
				D960C23C2FF1A1D500FFF4D9 /* FakeUseCases.swift */,
			);
			path = FakeData;
			sourceTree = "<group>";
		};
		D9EAA1282FF2750D0097C038 /* Presentation */ = {
			isa = PBXGroup;
			children = (
				D960C2392FF1A0AB00FFF4D9 /* AuthDesignSystem.swift */,
				D960C1CE2FF1178E00FFF4D9 /* SignIn */,
				D960C1CF2FF117B800FFF4D9 /* SignUp */,
			);
			path = Presentation;
			sourceTree = "<group>";
		};
		D9EAA1292FF275230097C038 /* Data */ = {
			isa = PBXGroup;
			children = (
				D9EAA12A2FF2755A0097C038 /* Remote */,
			);
			path = Data;
			sourceTree = "<group>";
		};
		D9EAA12A2FF2755A0097C038 /* Remote */ = {
			isa = PBXGroup;
			children = (
				D9EAA12B2FF275690097C038 /* FirebaseAuthService.swift */,
				D9EAA1322FF27A3F0097C038 /* FirebaseAuthRepository.swift */,
				D9EAA13C2FF28FC70097C038 /* AuthMappers.swift */,
			);
			path = Remote;
			sourceTree = "<group>";
		};
/* End PBXGroup section */

/* Begin PBXNativeTarget section */
		D960C1992FF1167A00FFF4D9 /* NexCart */ = {
			isa = PBXNativeTarget;
			buildConfigurationList = D960C1C32FF1167C00FFF4D9 /* Build configuration list for PBXNativeTarget "NexCart" */;
			buildPhases = (
				D960C1962FF1167A00FFF4D9 /* Sources */,
				D960C1972FF1167A00FFF4D9 /* Frameworks */,
				D960C1982FF1167A00FFF4D9 /* Resources */,
			);
			buildRules = (
			);
			dependencies = (
			);
			name = NexCart;
			packageProductDependencies = (
				D960C22C2FF197CC00FFF4D9 /* Swinject */,
				D9EAA1262FF274410097C038 /* FirebaseAuth */,
				D9EAA12E2FF278000097C038 /* GoogleSignIn */,
				D9EAA1302FF278000097C038 /* GoogleSignInSwift */,
			);
			productName = NexCart;
			productReference = D960C19A2FF1167A00FFF4D9 /* NexCart.app */;
			productType = "com.apple.product-type.application";
		};
		D960C1AE2FF1167C00FFF4D9 /* NexCartTests */ = {
			isa = PBXNativeTarget;
			buildConfigurationList = D960C1C62FF1167C00FFF4D9 /* Build configuration list for PBXNativeTarget "NexCartTests" */;
			buildPhases = (
				D960C1AB2FF1167C00FFF4D9 /* Sources */,
				D960C1AC2FF1167C00FFF4D9 /* Frameworks */,
				D960C1AD2FF1167C00FFF4D9 /* Resources */,
			);
			buildRules = (
			);
			dependencies = (
				D960C1B12FF1167C00FFF4D9 /* PBXTargetDependency */,
			);
			name = NexCartTests;
			productName = NexCartTests;
			productReference = D960C1AF2FF1167C00FFF4D9 /* NexCartTests.xctest */;
			productType = "com.apple.product-type.bundle.unit-test";
		};
		D960C1B82FF1167C00FFF4D9 /* NexCartUITests */ = {
			isa = PBXNativeTarget;
			buildConfigurationList = D960C1C92FF1167C00FFF4D9 /* Build configuration list for PBXNativeTarget "NexCartUITests" */;
			buildPhases = (
				D960C1B52FF1167C00FFF4D9 /* Sources */,
				D960C1B62FF1167C00FFF4D9 /* Frameworks */,
				D960C1B72FF1167C00FFF4D9 /* Resources */,
			);
			buildRules = (
			);
			dependencies = (
				D960C1BB2FF1167C00FFF4D9 /* PBXTargetDependency */,
			);
			name = NexCartUITests;
			productName = NexCartUITests;
			productReference = D960C1B92FF1167C00FFF4D9 /* NexCartUITests.xctest */;
			productType = "com.apple.product-type.bundle.ui-testing";
		};
/* End PBXNativeTarget section */

/* Begin PBXProject section */
		D960C1922FF1167A00FFF4D9 /* Project object */ = {
			isa = PBXProject;
			attributes = {
				BuildIndependentTargetsInParallel = 1;
				LastSwiftUpdateCheck = 1420;
				LastUpgradeCheck = 1420;
				TargetAttributes = {
					D960C1992FF1167A00FFF4D9 = {
						CreatedOnToolsVersion = 14.2;
					};
					D960C1AE2FF1167C00FFF4D9 = {
						CreatedOnToolsVersion = 14.2;
						TestTargetID = D960C1992FF1167A00FFF4D9;
					};
					D960C1B82FF1167C00FFF4D9 = {
						CreatedOnToolsVersion = 14.2;
						TestTargetID = D960C1992FF1167A00FFF4D9;
					};
				};
			};
			buildConfigurationList = D960C1952FF1167A00FFF4D9 /* Build configuration list for PBXProject "NexCart" */;
			compatibilityVersion = "Xcode 14.0";
			developmentRegion = en;
			hasScannedForEncodings = 0;
			knownRegions = (
				en,
				Base,
			);
			mainGroup = D960C1912FF1167A00FFF4D9;
			packageReferences = (
				D960C22B2FF197CC00FFF4D9 /* XCRemoteSwiftPackageReference "swinject" */,
				D9EAA1252FF274410097C038 /* XCRemoteSwiftPackageReference "firebase-ios-sdk" */,
				D9EAA12D2FF278000097C038 /* XCRemoteSwiftPackageReference "GoogleSignIn-iOS" */,
			);
			productRefGroup = D960C19B2FF1167A00FFF4D9 /* Products */;
			projectDirPath = "";
			projectRoot = "";
			targets = (
				D960C1992FF1167A00FFF4D9 /* NexCart */,
				D960C1AE2FF1167C00FFF4D9 /* NexCartTests */,
				D960C1B82FF1167C00FFF4D9 /* NexCartUITests */,
			);
		};
/* End PBXProject section */

/* Begin PBXResourcesBuildPhase section */
		D960C1982FF1167A00FFF4D9 /* Resources */ = {
			isa = PBXResourcesBuildPhase;
			buildActionMask = 2147483647;
			files = (
				D960C1A52FF1167C00FFF4D9 /* Preview Assets.xcassets in Resources */,
				D960C1A22FF1167C00FFF4D9 /* Assets.xcassets in Resources */,
				D9EAA1392FF28A480097C038 /* GoogleService-Info.plist in Resources */,
			);
			runOnlyForDeploymentPostprocessing = 0;
		};
		D960C1AD2FF1167C00FFF4D9 /* Resources */ = {
			isa = PBXResourcesBuildPhase;
			buildActionMask = 2147483647;
			files = (
			);
			runOnlyForDeploymentPostprocessing = 0;
		};
		D960C1B72FF1167C00FFF4D9 /* Resources */ = {
			isa = PBXResourcesBuildPhase;
			buildActionMask = 2147483647;
			files = (
			);
			runOnlyForDeploymentPostprocessing = 0;
		};
/* End PBXResourcesBuildPhase section */

/* Begin PBXSourcesBuildPhase section */
		D960C1962FF1167A00FFF4D9 /* Sources */ = {
			isa = PBXSourcesBuildPhase;
			buildActionMask = 2147483647;
			files = (
				D960C1EE2FF120A500FFF4D9 /* ApiServiceProtocol.swift in Sources */,
				9F92BF4F2FF47B5800E090B7 /* BrandsRepository.swift in Sources */,
				9F92BF592FF47DF100E090B7 /* BrandProductView.swift in Sources */,
				9F92BF572FF47DCF00E090B7 /* BrandProductViewModel.swift in Sources */,
				D960C1F62FF12A1500FFF4D9 /* SignInScreen.swift in Sources */,
				D960C20F2FF1734B00FFF4D9 /* AuthEntities.swift in Sources */,
				D960C2342FF1987600FFF4D9 /* DIContainer+Repositories.swift in Sources */,
				D9EAA13D2FF28FC70097C038 /* AuthMappers.swift in Sources */,
				9F8F1E512FF3898D0016B844 /* FetchHomeProductsUseCaseProtocol.swift in Sources */,
				9F92BF4C2FF47AD900E090B7 /* BrandProductsEndPoint.swift in Sources */,
				9F8F1E522FF3898D0016B844 /* HomeRepository.swift in Sources */,
				9F92BF5B2FF4803E00E090B7 /* BrandProductUseCase.swift in Sources */,
				9F8F1E532FF3898D0016B844 /* HomeView.swift in Sources */,
				9F8F1E542FF3898D0016B844 /* HomeEntity.swift in Sources */,
				9F8F1E562FF3898D0016B844 /* HomeViewModel.swift in Sources */,
				9F8F1E572FF3898D0016B844 /* HomeBrandSection.swift in Sources */,
				9F8F1E582FF3898D0016B844 /* HomeProtocol.swift in Sources */,
				9F92BF472FF479D300E090B7 /* BrandUseCase.swift in Sources */,
				9F8F1E592FF3898D0016B844 /* HomeHeroSection.swift in Sources */,
				9F8F1E5A2FF3898D0016B844 /* HomenewSection.swift in Sources */,
				9F9498132FF57881000CEB5A /* NexCart.xcdatamodeld in Sources */,
				9F9498142FF57881000CEB5A /* CoreData.swift in Sources */,
				9F9498152FF57881000CEB5A /* ProductsRepo.swift in Sources */,
				9F9498162FF57881000CEB5A /* Persistence.swift in Sources */,
				D960C2362FF1989F00FFF4D9 /* DIContainer+UseCases.swift in Sources */,
				9F92BF412FF478C300E090B7 /* BrandEntity.swift in Sources */,
				D960C21B2FF17B3600FFF4D9 /* LoginWithSocialProvider.swift in Sources */,
				D960C23A2FF1A0AB00FFF4D9 /* AuthDesignSystem.swift in Sources */,
				D960C23D2FF1A1D500FFF4D9 /* FakeUseCases.swift in Sources */,
				D960C2282FF1813900FFF4D9 /* SignInViweModel.swift in Sources */,
				D960C2472FF1B6CA00FFF4D9 /* ShardViews.swift in Sources */,
				D9EAA1332FF27A3F0097C038 /* FirebaseAuthRepository.swift in Sources */,
				D960C21D2FF17B6100FFF4D9 /* LoginAsGuest.swift in Sources */,
				D960C1F42FF1243400FFF4D9 /* LaunchScreen.swift in Sources */,
				D960C2162FF1778200FFF4D9 /* AuthError.swift in Sources */,
				D960C2192FF17AF700FFF4D9 /* LoginWithEmail.swift in Sources */,
				D960C2452FF1B40300FFF4D9 /* SignUpViewModel.swift in Sources */,
				D960C2312FF1981D00FFF4D9 /* DIContainer.swift in Sources */,
				9F8F1E622FF38A6E0016B844 /* ProductDto.swift in Sources */,
				9F92BF4A2FF47AA500E090B7 /* BrandsEndPoint.swift in Sources */,
				9F8F1E632FF38A6E0016B844 /* BrandDto.swift in Sources */,
				D960C22A2FF18C6500FFF4D9 /* FakeAuthRepo.swift in Sources */,
				D9EAA12C2FF275690097C038 /* FirebaseAuthService.swift in Sources */,
				D960C2382FF1990900FFF4D9 /* DIContainer+ViewModels.swift in Sources */,
				D960C1A02FF1167A00FFF4D9 /* ContentView.swift in Sources */,
				D960C2202FF17BE800FFF4D9 /* CreatNewAccount.swift in Sources */,
				9F94981A2FF578BE000CEB5A /* EndPoint.swift in Sources */,
				9F94981B2FF578BE000CEB5A /* ProductEndPoint.swift in Sources */,
				D960C19E2FF1167A00FFF4D9 /* NexCartApp.swift in Sources */,
				D960C1ED2FF120A500FFF4D9 /* ApiService.swift in Sources */,
				9F92BF532FF47D7900E090B7 /* BrandListViewModel.swift in Sources */,
				D960C23F2FF1B28E00FFF4D9 /* SignUpScreen.swift in Sources */,
				9F92BF552FF47D9E00E090B7 /* BrandListView.swift in Sources */,
				D960C2232FF17C8200FFF4D9 /* ForgotPass.swift in Sources */,
				D9EAA1352FF281F30097C038 /* DIContainer+Services.swift in Sources */,
				D960C1E52FF11ACE00FFF4D9 /* AppTheme.swift in Sources */,
				D960C2262FF17D6D00FFF4D9 /* LogOut.swift in Sources */,
				9F92BF442FF4796C00E090B7 /* BrandsRepoProtocol.swift in Sources */,
				D960C2112FF174C100FFF4D9 /* AuthRepoInterface.swift in Sources */,
			);
			runOnlyForDeploymentPostprocessing = 0;
		};
		D960C1AB2FF1167C00FFF4D9 /* Sources */ = {
			isa = PBXSourcesBuildPhase;
			buildActionMask = 2147483647;
			files = (
				D960C1B42FF1167C00FFF4D9 /* NexCartTests.swift in Sources */,
			);
			runOnlyForDeploymentPostprocessing = 0;
		};
		D960C1B52FF1167C00FFF4D9 /* Sources */ = {
			isa = PBXSourcesBuildPhase;
			buildActionMask = 2147483647;
			files = (
				D960C1C02FF1167C00FFF4D9 /* NexCartUITestsLaunchTests.swift in Sources */,
				D960C1BE2FF1167C00FFF4D9 /* NexCartUITests.swift in Sources */,
			);
			runOnlyForDeploymentPostprocessing = 0;
		};
/* End PBXSourcesBuildPhase section */

/* Begin PBXTargetDependency section */
		D960C1B12FF1167C00FFF4D9 /* PBXTargetDependency */ = {
			isa = PBXTargetDependency;
			target = D960C1992FF1167A00FFF4D9 /* NexCart */;
			targetProxy = D960C1B02FF1167C00FFF4D9 /* PBXContainerItemProxy */;
		};
		D960C1BB2FF1167C00FFF4D9 /* PBXTargetDependency */ = {
			isa = PBXTargetDependency;
			target = D960C1992FF1167A00FFF4D9 /* NexCart */;
			targetProxy = D960C1BA2FF1167C00FFF4D9 /* PBXContainerItemProxy */;
		};
/* End PBXTargetDependency section */

/* Begin XCBuildConfiguration section */
		D960C1C12FF1167C00FFF4D9 /* Debug */ = {
			isa = XCBuildConfiguration;
			buildSettings = {
				ALWAYS_SEARCH_USER_PATHS = NO;
				CLANG_ANALYZER_NONNULL = YES;
				CLANG_ANALYZER_NUMBER_OBJECT_CONVERSION = YES_AGGRESSIVE;
				CLANG_CXX_LANGUAGE_STANDARD = "gnu++20";
				CLANG_ENABLE_MODULES = YES;
				CLANG_ENABLE_OBJC_ARC = YES;
				CLANG_ENABLE_OBJC_WEAK = YES;
				CLANG_WARN_BLOCK_CAPTURE_AUTORELEASING = YES;
				CLANG_WARN_BOOL_CONVERSION = YES;
				CLANG_WARN_COMMA = YES;
				CLANG_WARN_CONSTANT_CONVERSION = YES;
				CLANG_WARN_DEPRECATED_OBJC_IMPLEMENTATIONS = YES;
				CLANG_WARN_DIRECT_OBJC_ISA_USAGE = YES_ERROR;
				CLANG_WARN_DOCUMENTATION_COMMENTS = YES;
				CLANG_WARN_EMPTY_BODY = YES;
				CLANG_WARN_ENUM_CONVERSION = YES;
				CLANG_WARN_INFINITE_RECURSION = YES;
				CLANG_WARN_INT_CONVERSION = YES;
				CLANG_WARN_NON_LITERAL_NULL_CONVERSION = YES;
				CLANG_WARN_OBJC_IMPLICIT_RETAIN_SELF = YES;
				CLANG_WARN_OBJC_LITERAL_CONVERSION = YES;
				CLANG_WARN_OBJC_ROOT_CLASS = YES_ERROR;
				CLANG_WARN_QUOTED_INCLUDE_IN_FRAMEWORK_HEADER = YES;
				CLANG_WARN_RANGE_LOOP_ANALYSIS = YES;
				CLANG_WARN_STRICT_PROTOTYPES = YES;
				CLANG_WARN_SUSPICIOUS_MOVE = YES;
				CLANG_WARN_UNGUARDED_AVAILABILITY = YES_AGGRESSIVE;
				CLANG_WARN_UNREACHABLE_CODE = YES;
				CLANG_WARN__DUPLICATE_METHOD_MATCH = YES;
				COPY_PHASE_STRIP = NO;
				DEBUG_INFORMATION_FORMAT = dwarf;
				ENABLE_STRICT_OBJC_MSGSEND = YES;
				ENABLE_TESTABILITY = YES;
				GCC_C_LANGUAGE_STANDARD = gnu11;
				GCC_DYNAMIC_NO_PIC = NO;
				GCC_NO_COMMON_BLOCKS = YES;
				GCC_OPTIMIZATION_LEVEL = 0;
				GCC_PREPROCESSOR_DEFINITIONS = (
					"DEBUG=1",
					"$(inherited)",
				);
				GCC_WARN_64_TO_32_BIT_CONVERSION = YES;
				GCC_WARN_ABOUT_RETURN_TYPE = YES_ERROR;
				GCC_WARN_UNDECLARED_SELECTOR = YES;
				GCC_WARN_UNINITIALIZED_AUTOS = YES_AGGRESSIVE;
				GCC_WARN_UNUSED_FUNCTION = YES;
				GCC_WARN_UNUSED_VARIABLE = YES;
				IPHONEOS_DEPLOYMENT_TARGET = 16.2;
				MTL_ENABLE_DEBUG_INFO = INCLUDE_SOURCE;
				MTL_FAST_MATH = YES;
				ONLY_ACTIVE_ARCH = YES;
				SDKROOT = iphoneos;
				SWIFT_ACTIVE_COMPILATION_CONDITIONS = DEBUG;
				SWIFT_OPTIMIZATION_LEVEL = "-Onone";
			};
			name = Debug;
		};
		D960C1C22FF1167C00FFF4D9 /* Release */ = {
			isa = XCBuildConfiguration;
			buildSettings = {
				ALWAYS_SEARCH_USER_PATHS = NO;
				CLANG_ANALYZER_NONNULL = YES;
				CLANG_ANALYZER_NUMBER_OBJECT_CONVERSION = YES_AGGRESSIVE;
				CLANG_CXX_LANGUAGE_STANDARD = "gnu++20";
				CLANG_ENABLE_MODULES = YES;
				CLANG_ENABLE_OBJC_ARC = YES;
				CLANG_ENABLE_OBJC_WEAK = YES;
				CLANG_WARN_BLOCK_CAPTURE_AUTORELEASING = YES;
				CLANG_WARN_BOOL_CONVERSION = YES;
				CLANG_WARN_COMMA = YES;
				CLANG_WARN_CONSTANT_CONVERSION = YES;
				CLANG_WARN_DEPRECATED_OBJC_IMPLEMENTATIONS = YES;
				CLANG_WARN_DIRECT_OBJC_ISA_USAGE = YES_ERROR;
				CLANG_WARN_DOCUMENTATION_COMMENTS = YES;
				CLANG_WARN_EMPTY_BODY = YES;
				CLANG_WARN_ENUM_CONVERSION = YES;
				CLANG_WARN_INFINITE_RECURSION = YES;
				CLANG_WARN_INT_CONVERSION = YES;
				CLANG_WARN_NON_LITERAL_NULL_CONVERSION = YES;
				CLANG_WARN_OBJC_IMPLICIT_RETAIN_SELF = YES;
				CLANG_WARN_OBJC_LITERAL_CONVERSION = YES;
				CLANG_WARN_OBJC_ROOT_CLASS = YES_ERROR;
				CLANG_WARN_QUOTED_INCLUDE_IN_FRAMEWORK_HEADER = YES;
				CLANG_WARN_RANGE_LOOP_ANALYSIS = YES;
				CLANG_WARN_STRICT_PROTOTYPES = YES;
				CLANG_WARN_SUSPICIOUS_MOVE = YES;
				CLANG_WARN_UNGUARDED_AVAILABILITY = YES_AGGRESSIVE;
				CLANG_WARN_UNREACHABLE_CODE = YES;
				CLANG_WARN__DUPLICATE_METHOD_MATCH = YES;
				COPY_PHASE_STRIP = NO;
				DEBUG_INFORMATION_FORMAT = "dwarf-with-dsym";
				ENABLE_NS_ASSERTIONS = NO;
				ENABLE_STRICT_OBJC_MSGSEND = YES;
				GCC_C_LANGUAGE_STANDARD = gnu11;
				GCC_NO_COMMON_BLOCKS = YES;
				GCC_WARN_64_TO_32_BIT_CONVERSION = YES;
				GCC_WARN_ABOUT_RETURN_TYPE = YES_ERROR;
				GCC_WARN_UNDECLARED_SELECTOR = YES;
				GCC_WARN_UNINITIALIZED_AUTOS = YES_AGGRESSIVE;
				GCC_WARN_UNUSED_FUNCTION = YES;
				GCC_WARN_UNUSED_VARIABLE = YES;
				IPHONEOS_DEPLOYMENT_TARGET = 16.2;
				MTL_ENABLE_DEBUG_INFO = NO;
				MTL_FAST_MATH = YES;
				SDKROOT = iphoneos;
				SWIFT_COMPILATION_MODE = wholemodule;
				SWIFT_OPTIMIZATION_LEVEL = "-O";
				VALIDATE_PRODUCT = YES;
			};
			name = Release;
		};
		D960C1C42FF1167C00FFF4D9 /* Debug */ = {
			isa = XCBuildConfiguration;
			buildSettings = {
				ASSETCATALOG_COMPILER_APPICON_NAME = AppIcon;
				ASSETCATALOG_COMPILER_GLOBAL_ACCENT_COLOR_NAME = AccentColor;
				CODE_SIGN_ENTITLEMENTS = NexCart/NexCart.entitlements;
				CODE_SIGN_STYLE = Automatic;
				CURRENT_PROJECT_VERSION = 1;
				DEVELOPMENT_ASSET_PATHS = "\"NexCart/Preview Content\"";
				ENABLE_PREVIEWS = YES;
				GENERATE_INFOPLIST_FILE = YES;
				INFOPLIST_FILE = NexCart/Info.plist;
				INFOPLIST_KEY_UIApplicationSceneManifest_Generation = YES;
				INFOPLIST_KEY_UIApplicationSupportsIndirectInputEvents = YES;
				INFOPLIST_KEY_UILaunchScreen_Generation = YES;
				INFOPLIST_KEY_UISupportedInterfaceOrientations_iPad = "UIInterfaceOrientationPortrait UIInterfaceOrientationPortraitUpsideDown UIInterfaceOrientationLandscapeLeft UIInterfaceOrientationLandscapeRight";
				INFOPLIST_KEY_UISupportedInterfaceOrientations_iPhone = "UIInterfaceOrientationPortrait UIInterfaceOrientationLandscapeLeft UIInterfaceOrientationLandscapeRight";
				LD_RUNPATH_SEARCH_PATHS = (
					"$(inherited)",
					"@executable_path/Frameworks",
				);
				MARKETING_VERSION = 1.0;
				PRODUCT_BUNDLE_IDENTIFIER = com.iti.NexCart;
				PRODUCT_NAME = "$(TARGET_NAME)";
				SWIFT_EMIT_LOC_STRINGS = YES;
				SWIFT_VERSION = 5.0;
				TARGETED_DEVICE_FAMILY = "1,2";
			};
			name = Debug;
		};
		D960C1C52FF1167C00FFF4D9 /* Release */ = {
			isa = XCBuildConfiguration;
			buildSettings = {
				ASSETCATALOG_COMPILER_APPICON_NAME = AppIcon;
				ASSETCATALOG_COMPILER_GLOBAL_ACCENT_COLOR_NAME = AccentColor;
				CODE_SIGN_ENTITLEMENTS = NexCart/NexCart.entitlements;
				CODE_SIGN_STYLE = Automatic;
				CURRENT_PROJECT_VERSION = 1;
				DEVELOPMENT_ASSET_PATHS = "\"NexCart/Preview Content\"";
				ENABLE_PREVIEWS = YES;
				GENERATE_INFOPLIST_FILE = YES;
				INFOPLIST_FILE = NexCart/Info.plist;
				INFOPLIST_KEY_UIApplicationSceneManifest_Generation = YES;
				INFOPLIST_KEY_UIApplicationSupportsIndirectInputEvents = YES;
				INFOPLIST_KEY_UILaunchScreen_Generation = YES;
				INFOPLIST_KEY_UISupportedInterfaceOrientations_iPad = "UIInterfaceOrientationPortrait UIInterfaceOrientationPortraitUpsideDown UIInterfaceOrientationLandscapeLeft UIInterfaceOrientationLandscapeRight";
				INFOPLIST_KEY_UISupportedInterfaceOrientations_iPhone = "UIInterfaceOrientationPortrait UIInterfaceOrientationLandscapeLeft UIInterfaceOrientationLandscapeRight";
				LD_RUNPATH_SEARCH_PATHS = (
					"$(inherited)",
					"@executable_path/Frameworks",
				);
				MARKETING_VERSION = 1.0;
				PRODUCT_BUNDLE_IDENTIFIER = com.iti.NexCart;
				PRODUCT_NAME = "$(TARGET_NAME)";
				SWIFT_EMIT_LOC_STRINGS = YES;
				SWIFT_VERSION = 5.0;
				TARGETED_DEVICE_FAMILY = "1,2";
			};
			name = Release;
		};
		D960C1C72FF1167C00FFF4D9 /* Debug */ = {
			isa = XCBuildConfiguration;
			buildSettings = {
				ALWAYS_EMBED_SWIFT_STANDARD_LIBRARIES = YES;
				BUNDLE_LOADER = "$(TEST_HOST)";
				CODE_SIGN_STYLE = Automatic;
				CURRENT_PROJECT_VERSION = 1;
				GENERATE_INFOPLIST_FILE = YES;
				IPHONEOS_DEPLOYMENT_TARGET = 16.2;
				MARKETING_VERSION = 1.0;
				PRODUCT_BUNDLE_IDENTIFIER = com.iti.NexCartTests;
				PRODUCT_NAME = "$(TARGET_NAME)";
				SWIFT_EMIT_LOC_STRINGS = NO;
				SWIFT_VERSION = 5.0;
				TARGETED_DEVICE_FAMILY = "1,2";
				TEST_HOST = "$(BUILT_PRODUCTS_DIR)/NexCart.app/$(BUNDLE_EXECUTABLE_FOLDER_PATH)/NexCart";
			};
			name = Debug;
		};
		D960C1C82FF1167C00FFF4D9 /* Release */ = {
			isa = XCBuildConfiguration;
			buildSettings = {
				ALWAYS_EMBED_SWIFT_STANDARD_LIBRARIES = YES;
				BUNDLE_LOADER = "$(TEST_HOST)";
				CODE_SIGN_STYLE = Automatic;
				CURRENT_PROJECT_VERSION = 1;
				GENERATE_INFOPLIST_FILE = YES;
				IPHONEOS_DEPLOYMENT_TARGET = 16.2;
				MARKETING_VERSION = 1.0;
				PRODUCT_BUNDLE_IDENTIFIER = com.iti.NexCartTests;
				PRODUCT_NAME = "$(TARGET_NAME)";
				SWIFT_EMIT_LOC_STRINGS = NO;
				SWIFT_VERSION = 5.0;
				TARGETED_DEVICE_FAMILY = "1,2";
				TEST_HOST = "$(BUILT_PRODUCTS_DIR)/NexCart.app/$(BUNDLE_EXECUTABLE_FOLDER_PATH)/NexCart";
			};
			name = Release;
		};
		D960C1CA2FF1167C00FFF4D9 /* Debug */ = {
			isa = XCBuildConfiguration;
			buildSettings = {
				ALWAYS_EMBED_SWIFT_STANDARD_LIBRARIES = YES;
				CODE_SIGN_STYLE = Automatic;
				CURRENT_PROJECT_VERSION = 1;
				GENERATE_INFOPLIST_FILE = YES;
				MARKETING_VERSION = 1.0;
				PRODUCT_BUNDLE_IDENTIFIER = com.iti.NexCartUITests;
				PRODUCT_NAME = "$(TARGET_NAME)";
				SWIFT_EMIT_LOC_STRINGS = NO;
				SWIFT_VERSION = 5.0;
				TARGETED_DEVICE_FAMILY = "1,2";
				TEST_TARGET_NAME = NexCart;
			};
			name = Debug;
		};
		D960C1CB2FF1167C00FFF4D9 /* Release */ = {
			isa = XCBuildConfiguration;
			buildSettings = {
				ALWAYS_EMBED_SWIFT_STANDARD_LIBRARIES = YES;
				CODE_SIGN_STYLE = Automatic;
				CURRENT_PROJECT_VERSION = 1;
				GENERATE_INFOPLIST_FILE = YES;
				MARKETING_VERSION = 1.0;
				PRODUCT_BUNDLE_IDENTIFIER = com.iti.NexCartUITests;
				PRODUCT_NAME = "$(TARGET_NAME)";
				SWIFT_EMIT_LOC_STRINGS = NO;
				SWIFT_VERSION = 5.0;
				TARGETED_DEVICE_FAMILY = "1,2";
				TEST_TARGET_NAME = NexCart;
			};
			name = Release;
		};
/* End XCBuildConfiguration section */

/* Begin XCConfigurationList section */
		D960C1952FF1167A00FFF4D9 /* Build configuration list for PBXProject "NexCart" */ = {
			isa = XCConfigurationList;
			buildConfigurations = (
				D960C1C12FF1167C00FFF4D9 /* Debug */,
				D960C1C22FF1167C00FFF4D9 /* Release */,
			);
			defaultConfigurationIsVisible = 0;
			defaultConfigurationName = Release;
		};
		D960C1C32FF1167C00FFF4D9 /* Build configuration list for PBXNativeTarget "NexCart" */ = {
			isa = XCConfigurationList;
			buildConfigurations = (
				D960C1C42FF1167C00FFF4D9 /* Debug */,
				D960C1C52FF1167C00FFF4D9 /* Release */,
			);
			defaultConfigurationIsVisible = 0;
			defaultConfigurationName = Release;
		};
		D960C1C62FF1167C00FFF4D9 /* Build configuration list for PBXNativeTarget "NexCartTests" */ = {
			isa = XCConfigurationList;
			buildConfigurations = (
				D960C1C72FF1167C00FFF4D9 /* Debug */,
				D960C1C82FF1167C00FFF4D9 /* Release */,
			);
			defaultConfigurationIsVisible = 0;
			defaultConfigurationName = Release;
		};
		D960C1C92FF1167C00FFF4D9 /* Build configuration list for PBXNativeTarget "NexCartUITests" */ = {
			isa = XCConfigurationList;
			buildConfigurations = (
				D960C1CA2FF1167C00FFF4D9 /* Debug */,
				D960C1CB2FF1167C00FFF4D9 /* Release */,
			);
			defaultConfigurationIsVisible = 0;
			defaultConfigurationName = Release;
		};
/* End XCConfigurationList section */

/* Begin XCRemoteSwiftPackageReference section */
		D960C22B2FF197CC00FFF4D9 /* XCRemoteSwiftPackageReference "swinject" */ = {
			isa = XCRemoteSwiftPackageReference;
			repositoryURL = "https://github.com/swinject/swinject";
			requirement = {
				kind = upToNextMajorVersion;
				minimumVersion = 2.0.0;
			};
		};
		D9EAA1252FF274410097C038 /* XCRemoteSwiftPackageReference "firebase-ios-sdk" */ = {
			isa = XCRemoteSwiftPackageReference;
			repositoryURL = "https://github.com/firebase/firebase-ios-sdk";
			requirement = {
				kind = upToNextMinorVersion;
				minimumVersion = 9.6.0;
			};
		};
		D9EAA12D2FF278000097C038 /* XCRemoteSwiftPackageReference "GoogleSignIn-iOS" */ = {
			isa = XCRemoteSwiftPackageReference;
			repositoryURL = "https://github.com/google/GoogleSignIn-iOS";
			requirement = {
				kind = upToNextMinorVersion;
				minimumVersion = 7.0.0;
			};
		};
/* End XCRemoteSwiftPackageReference section */

/* Begin XCSwiftPackageProductDependency section */
		D960C22C2FF197CC00FFF4D9 /* Swinject */ = {
			isa = XCSwiftPackageProductDependency;
			package = D960C22B2FF197CC00FFF4D9 /* XCRemoteSwiftPackageReference "swinject" */;
			productName = Swinject;
		};
		D9EAA1262FF274410097C038 /* FirebaseAuth */ = {
			isa = XCSwiftPackageProductDependency;
			package = D9EAA1252FF274410097C038 /* XCRemoteSwiftPackageReference "firebase-ios-sdk" */;
			productName = FirebaseAuth;
		};
		D9EAA12E2FF278000097C038 /* GoogleSignIn */ = {
			isa = XCSwiftPackageProductDependency;
			package = D9EAA12D2FF278000097C038 /* XCRemoteSwiftPackageReference "GoogleSignIn-iOS" */;
			productName = GoogleSignIn;
		};
		D9EAA1302FF278000097C038 /* GoogleSignInSwift */ = {
			isa = XCSwiftPackageProductDependency;
			package = D9EAA12D2FF278000097C038 /* XCRemoteSwiftPackageReference "GoogleSignIn-iOS" */;
			productName = GoogleSignInSwift;
		};
/* End XCSwiftPackageProductDependency section */

/* Begin XCVersionGroup section */
		9F94980C2FF57881000CEB5A /* NexCart.xcdatamodeld */ = {
			isa = XCVersionGroup;
			children = (
				9F9498122FF57881000CEB5A /* NexCart.xcdatamodel */,
			);
			currentVersion = 9F9498122FF57881000CEB5A /* NexCart.xcdatamodel */;
			path = NexCart.xcdatamodeld;
			sourceTree = "<group>";
			versionGroupType = wrapper.xcdatamodel;
		};
/* End XCVersionGroup section */
	};
	rootObject = D960C1922FF1167A00FFF4D9 /* Project object */;
}
